<?xml version="1.0" encoding="UTF-8"?>
<!DOCTYPE plist PUBLIC "-//Apple//DTD PLIST 1.0//EN" "http://www.apple.com/DTDs/PropertyList-1.0.dtd">
<plist version="1.0">
<dict>
	<key>archiveVersion</key>
	<string>1</string>
	<key>classes</key>
	<dict/>
	<key>objectVersion</key>
	<string>46</string>
	<key>objects</key>
	<dict>
		<key>0108C2FA0F82484FB55964F4</key>
		<dict>
			<key>buildActionMask</key>
			<string>2147483647</string>
			<key>files</key>
			<array>
				<string>D7434882FFF3493084939F6B</string>
			</array>
			<key>isa</key>
			<string>PBXSourcesBuildPhase</string>
			<key>runOnlyForDeploymentPostprocessing</key>
			<string>0</string>
		</dict>
		<key>01DEE49131B14BD781E2853B</key>
		<dict>
			<key>includeInIndex</key>
			<string>1</string>
			<key>isa</key>
			<string>PBXFileReference</string>
			<key>lastKnownFileType</key>
			<string>sourcecode.c.h</string>
			<key>name</key>
			<string>RKDictionaryUtilities.h</string>
			<key>path</key>
			<string>vendor/Pods/Headers/RestKit/RestKit/Support/RKDictionaryUtilities.h</string>
			<key>sourceTree</key>
			<string>SOURCE_ROOT</string>
		</dict>
		<key>02FD41E1F27544D495A1D058</key>
		<dict>
			<key>includeInIndex</key>
			<string>1</string>
			<key>isa</key>
			<string>PBXFileReference</string>
			<key>lastKnownFileType</key>
			<string>sourcecode.c.h</string>
			<key>name</key>
			<string>RKNSJSONSerialization.h</string>
			<key>path</key>
			<string>vendor/Pods/Headers/RestKit/RestKit/Support/RKNSJSONSerialization.h</string>
			<key>sourceTree</key>
			<string>SOURCE_ROOT</string>
		</dict>
		<key>039D3DF4F75E431F9E2C534B</key>
		<dict>
			<key>includeInIndex</key>
			<string>1</string>
			<key>isa</key>
			<string>PBXFileReference</string>
			<key>lastKnownFileType</key>
			<string>sourcecode.c.h</string>
			<key>name</key>
			<string>RKPropertyMapping.h</string>
			<key>path</key>
			<string>vendor/Pods/Headers/RestKit/RestKit/ObjectMapping/RKPropertyMapping.h</string>
			<key>sourceTree</key>
			<string>SOURCE_ROOT</string>
		</dict>
		<key>040389869A8A49C7B3D9B692</key>
		<dict>
			<key>includeInIndex</key>
			<string>1</string>
			<key>isa</key>
			<string>PBXFileReference</string>
			<key>lastKnownFileType</key>
			<string>sourcecode.c.h</string>
			<key>name</key>
			<string>RKObjectMapping.h</string>
			<key>path</key>
			<string>vendor/Pods/Headers/RestKit/RestKit/ObjectMapping/RKObjectMapping.h</string>
			<key>sourceTree</key>
			<string>SOURCE_ROOT</string>
		</dict>
		<key>0C3FF555CD2A47CE8C9F96C7</key>
		<dict>
			<key>includeInIndex</key>
			<string>1</string>
			<key>isa</key>
			<string>PBXFileReference</string>
			<key>lastKnownFileType</key>
			<string>sourcecode.c.h</string>
			<key>name</key>
			<string>RKAttributeMapping.h</string>
			<key>path</key>
			<string>vendor/Pods/Headers/RestKit/RestKit/ObjectMapping/RKAttributeMapping.h</string>
			<key>sourceTree</key>
			<string>SOURCE_ROOT</string>
		</dict>
		<key>0C4F791DF4AF41D7B1F41B59</key>
		<dict>
			<key>includeInIndex</key>
			<string>1</string>
			<key>isa</key>
			<string>PBXFileReference</string>
			<key>lastKnownFileType</key>
			<string>sourcecode.c.h</string>
			<key>name</key>
			<string>RKMIMETypes.h</string>
			<key>path</key>
			<string>vendor/Pods/Headers/RestKit/RestKit/Support/RKMIMETypes.h</string>
			<key>sourceTree</key>
			<string>SOURCE_ROOT</string>
		</dict>
		<key>0E9E50CF9A6F4917A83849D3</key>
		<dict>
			<key>includeInIndex</key>
			<string>1</string>
			<key>isa</key>
			<string>PBXFileReference</string>
			<key>lastKnownFileType</key>
			<string>sourcecode.c.h</string>
			<key>name</key>
			<string>RKLog.h</string>
			<key>path</key>
			<string>vendor/Pods/Headers/RestKit/RestKit/Support/RKLog.h</string>
			<key>sourceTree</key>
			<string>SOURCE_ROOT</string>
		</dict>
		<key>12006A9CA84C4356A2D9720D</key>
		<dict>
			<key>includeInIndex</key>
			<string>1</string>
			<key>isa</key>
			<string>PBXFileReference</string>
			<key>lastKnownFileType</key>
			<string>sourcecode.c.h</string>
			<key>name</key>
			<string>RKErrorMessage.h</string>
			<key>path</key>
			<string>vendor/Pods/Headers/RestKit/RestKit/ObjectMapping/RKErrorMessage.h</string>
			<key>sourceTree</key>
			<string>SOURCE_ROOT</string>
		</dict>
		<key>12C45940B77B4D6BA8FABB1C</key>
		<dict>
			<key>includeInIndex</key>
			<string>1</string>
			<key>isa</key>
			<string>PBXFileReference</string>
			<key>lastKnownFileType</key>
			<string>sourcecode.c.h</string>
			<key>name</key>
			<string>RKPaginator.h</string>
			<key>path</key>
			<string>vendor/Pods/Headers/RestKit/RestKit/Network/RKPaginator.h</string>
			<key>sourceTree</key>
			<string>SOURCE_ROOT</string>
		</dict>
		<key>195771D876B24481A6C63176</key>
		<dict>
			<key>includeInIndex</key>
			<string>1</string>
			<key>isa</key>
			<string>PBXFileReference</string>
			<key>lastKnownFileType</key>
			<string>sourcecode.c.h</string>
			<key>name</key>
			<string>RKInMemoryManagedObjectCache.h</string>
			<key>path</key>
			<string>vendor/Pods/Headers/RestKit/RestKit/CoreData/RKInMemoryManagedObjectCache.h</string>
			<key>sourceTree</key>
			<string>SOURCE_ROOT</string>
		</dict>
		<key>1AE236AFA00E4C759C96EF78</key>
		<dict>
			<key>includeInIndex</key>
			<string>1</string>
			<key>isa</key>
			<string>PBXFileReference</string>
			<key>lastKnownFileType</key>
			<string>sourcecode.c.h</string>
			<key>name</key>
			<string>RKManagedObjectCaching.h</string>
			<key>path</key>
			<string>vendor/Pods/Headers/RestKit/RestKit/CoreData/RKManagedObjectCaching.h</string>
			<key>sourceTree</key>
			<string>SOURCE_ROOT</string>
		</dict>
		<key>1B04ADD196564581B91DF122</key>
		<dict>
			<key>includeInIndex</key>
			<string>1</string>
			<key>isa</key>
			<string>PBXFileReference</string>
			<key>lastKnownFileType</key>
			<string>sourcecode.c.h</string>
			<key>name</key>
			<string>Testing.h</string>
			<key>path</key>
			<string>vendor/Pods/Headers/RestKit/RestKit/Testing.h</string>
			<key>sourceTree</key>
			<string>SOURCE_ROOT</string>
		</dict>
		<key>230163C9F3514905A50479DE</key>
		<dict>
			<key>includeInIndex</key>
			<string>1</string>
			<key>isa</key>
			<string>PBXFileReference</string>
			<key>lastKnownFileType</key>
			<string>sourcecode.c.h</string>
			<key>name</key>
			<string>lcl_RK.h</string>
			<key>path</key>
			<string>vendor/Pods/Headers/RestKit/RestKit/lcl_RK.h</string>
			<key>sourceTree</key>
			<string>SOURCE_ROOT</string>
		</dict>
		<key>2695C7684A0B4B94AC445AB0</key>
		<dict>
			<key>includeInIndex</key>
			<string>1</string>
			<key>isa</key>
			<string>PBXFileReference</string>
			<key>lastKnownFileType</key>
			<string>sourcecode.c.h</string>
			<key>name</key>
			<string>RKPropertyInspector+CoreData.h</string>
			<key>path</key>
			<string>vendor/Pods/Headers/RestKit/RestKit/CoreData/RKPropertyInspector+CoreData.h</string>
			<key>sourceTree</key>
			<string>SOURCE_ROOT</string>
		</dict>
		<key>2C219169CCBA4F3E961AE9FD</key>
		<dict>
			<key>includeInIndex</key>
			<string>1</string>
			<key>isa</key>
			<string>PBXFileReference</string>
			<key>lastKnownFileType</key>
			<string>sourcecode.c.h</string>
			<key>name</key>
			<string>AFURLConnectionOperation.h</string>
			<key>path</key>
			<string>vendor/Pods/Headers/AFNetworking/AFURLConnectionOperation.h</string>
			<key>sourceTree</key>
			<string>SOURCE_ROOT</string>
		</dict>
		<key>2D39DB8FF52A4F9F9EE030C1</key>
		<dict>
			<key>includeInIndex</key>
			<string>1</string>
			<key>isa</key>
			<string>PBXFileReference</string>
			<key>lastKnownFileType</key>
			<string>sourcecode.c.h</string>
			<key>name</key>
			<string>RKRequestOperationSubclass.h</string>
			<key>path</key>
			<string>vendor/Pods/Headers/RestKit/RestKit/Network/RKRequestOperationSubclass.h</string>
			<key>sourceTree</key>
			<string>SOURCE_ROOT</string>
		</dict>
		<key>30E7D56E9DC9495E90237F84</key>
		<dict>
			<key>includeInIndex</key>
			<string>1</string>
			<key>isa</key>
			<string>PBXFileReference</string>
			<key>lastKnownFileType</key>
			<string>sourcecode.c.h</string>
			<key>name</key>
			<string>AFHTTPClient.h</string>
			<key>path</key>
			<string>vendor/Pods/Headers/AFNetworking/AFHTTPClient.h</string>
			<key>sourceTree</key>
			<string>SOURCE_ROOT</string>
		</dict>
		<key>386AD145EF314D69A8B98887</key>
		<dict>
			<key>includeInIndex</key>
			<string>1</string>
			<key>isa</key>
			<string>PBXFileReference</string>
			<key>lastKnownFileType</key>
			<string>wrapper.framework</string>
			<key>name</key>
			<string>Foundation.framework</string>
			<key>path</key>
			<string>Platforms/iPhoneOS.platform/Developer/SDKs/iPhoneOS6.1.sdk/System/Library/Frameworks/Foundation.framework</string>
			<key>sourceTree</key>
			<string>DEVELOPER_DIR</string>
		</dict>
		<key>38860B94D5E8490B9E44FC71</key>
		<dict>
			<key>includeInIndex</key>
			<string>1</string>
			<key>isa</key>
			<string>PBXFileReference</string>
			<key>lastKnownFileType</key>
			<string>sourcecode.c.h</string>
			<key>name</key>
			<string>RKObjectUtilities.h</string>
			<key>path</key>
			<string>vendor/Pods/Headers/RestKit/RestKit/ObjectMapping/RKObjectUtilities.h</string>
			<key>sourceTree</key>
			<string>SOURCE_ROOT</string>
		</dict>
		<key>3AD477C536FF4500A2A047B5</key>
		<dict>
			<key>children</key>
			<array>
				<string>A94D568D1F0C4788AE30C407</string>
			</array>
			<key>isa</key>
			<string>PBXGroup</string>
			<key>name</key>
			<string>Products</string>
			<key>sourceTree</key>
			<string>&lt;group&gt;</string>
		</dict>
		<key>3D9D83E3E8BE407FB2AF0257</key>
		<dict>
			<key>includeInIndex</key>
			<string>1</string>
			<key>isa</key>
			<string>PBXFileReference</string>
			<key>lastKnownFileType</key>
			<string>sourcecode.c.h</string>
			<key>name</key>
			<string>NSManagedObjectContext+RKAdditions.h</string>
			<key>path</key>
			<string>vendor/Pods/Headers/RestKit/RestKit/CoreData/NSManagedObjectContext+RKAdditions.h</string>
			<key>sourceTree</key>
			<string>SOURCE_ROOT</string>
		</dict>
		<key>3DC60D8F678349749729B7E9</key>
		<dict>
			<key>buildConfigurations</key>
			<array>
				<string>6AE9091041D34459B65C29AF</string>
				<string>9FFAB29973D04E759E29105A</string>
			</array>
			<key>defaultConfigurationIsVisible</key>
			<string>0</string>
			<key>defaultConfigurationName</key>
			<string>Release</string>
			<key>isa</key>
			<string>XCConfigurationList</string>
		</dict>
		<key>3E190B96149F488AB013F15A</key>
		<dict>
			<key>includeInIndex</key>
			<string>1</string>
			<key>isa</key>
			<string>PBXFileReference</string>
			<key>lastKnownFileType</key>
			<string>sourcecode.c.h</string>
			<key>name</key>
			<string>Search.h</string>
			<key>path</key>
			<string>vendor/Pods/Headers/RestKit/RestKit/Search.h</string>
			<key>sourceTree</key>
			<string>SOURCE_ROOT</string>
		</dict>
		<key>3F45A5D8E2C44C609B2BBD3E</key>
		<dict>
			<key>buildSettings</key>
			<dict/>
			<key>isa</key>
			<string>XCBuildConfiguration</string>
			<key>name</key>
			<string>Release</string>
		</dict>
		<key>3F9467866A804E55BA5C8FB9</key>
		<dict>
			<key>includeInIndex</key>
			<string>1</string>
			<key>isa</key>
			<string>PBXFileReference</string>
			<key>lastKnownFileType</key>
			<string>sourcecode.c.h</string>
			<key>name</key>
			<string>RKFetchRequestManagedObjectCache.h</string>
			<key>path</key>
			<string>vendor/Pods/Headers/RestKit/RestKit/CoreData/RKFetchRequestManagedObjectCache.h</string>
			<key>sourceTree</key>
			<string>SOURCE_ROOT</string>
		</dict>
		<key>4C38FEEDB5B44FEEBDA30BAA</key>
		<dict>
			<key>buildConfigurations</key>
			<array>
				<string>3F45A5D8E2C44C609B2BBD3E</string>
				<string>5AAA318C297941A79ECEA447</string>
			</array>
			<key>defaultConfigurationIsVisible</key>
			<string>0</string>
			<key>defaultConfigurationName</key>
			<string>Release</string>
			<key>isa</key>
			<string>XCConfigurationList</string>
		</dict>
		<key>4D874283EF404C2A965911FC</key>
		<dict>
			<key>includeInIndex</key>
			<string>1</string>
			<key>isa</key>
			<string>PBXFileReference</string>
			<key>lastKnownFileType</key>
			<string>sourcecode.c.h</string>
			<key>name</key>
			<string>RKObjectParameterization.h</string>
			<key>path</key>
			<string>vendor/Pods/Headers/RestKit/RestKit/Network/RKObjectParameterization.h</string>
			<key>sourceTree</key>
			<string>SOURCE_ROOT</string>
		</dict>
		<key>4E04AD2513D54D218FE3BCA3</key>
		<dict>
			<key>includeInIndex</key>
			<string>1</string>
			<key>isa</key>
			<string>PBXFileReference</string>
			<key>lastKnownFileType</key>
			<string>sourcecode.c.h</string>
			<key>name</key>
			<string>RKObjectManager.h</string>
			<key>path</key>
			<string>vendor/Pods/Headers/RestKit/RestKit/Network/RKObjectManager.h</string>
			<key>sourceTree</key>
			<string>SOURCE_ROOT</string>
		</dict>
		<key>4FA859199FC74F4CA60729B6</key>
		<dict>
			<key>includeInIndex</key>
			<string>1</string>
			<key>isa</key>
			<string>PBXFileReference</string>
			<key>lastKnownFileType</key>
			<string>sourcecode.c.h</string>
			<key>name</key>
			<string>RKErrors.h</string>
			<key>path</key>
			<string>vendor/Pods/Headers/RestKit/RestKit/Support/RKErrors.h</string>
			<key>sourceTree</key>
			<string>SOURCE_ROOT</string>
		</dict>
		<key>517298E48AC24A528D9AA4DA</key>
		<dict>
			<key>includeInIndex</key>
			<string>1</string>
			<key>isa</key>
			<string>PBXFileReference</string>
			<key>lastKnownFileType</key>
			<string>sourcecode.c.h</string>
			<key>name</key>
			<string>RKMapping.h</string>
			<key>path</key>
			<string>vendor/Pods/Headers/RestKit/RestKit/ObjectMapping/RKMapping.h</string>
			<key>sourceTree</key>
			<string>SOURCE_ROOT</string>
		</dict>
		<key>5636470E569A4D6E995AD9FB</key>
		<dict>
			<key>children</key>
			<array>
				<string>B59A506CB9144D2EA4F94A48</string>
			</array>
			<key>isa</key>
			<string>PBXGroup</string>
			<key>name</key>
			<string>Resources</string>
			<key>path</key>
			<string>resources</string>
			<key>sourceTree</key>
			<string>&lt;group&gt;</string>
		</dict>
		<key>57374CAD2BCF47B2B740BF43</key>
		<dict>
			<key>includeInIndex</key>
			<string>1</string>
			<key>isa</key>
			<string>PBXFileReference</string>
			<key>lastKnownFileType</key>
			<string>sourcecode.c.h</string>
			<key>name</key>
			<string>RKObjectRequestOperation.h</string>
			<key>path</key>
			<string>vendor/Pods/Headers/RestKit/RestKit/Network/RKObjectRequestOperation.h</string>
			<key>sourceTree</key>
			<string>SOURCE_ROOT</string>
		</dict>
		<key>57F0482143684F4EB3D9BF62</key>
		<dict>
			<key>includeInIndex</key>
			<string>1</string>
			<key>isa</key>
			<string>PBXFileReference</string>
			<key>lastKnownFileType</key>
			<string>sourcecode.c.h</string>
			<key>name</key>
			<string>RKEntityByAttributeCache.h</string>
			<key>path</key>
			<string>vendor/Pods/Headers/RestKit/RestKit/CoreData/RKEntityByAttributeCache.h</string>
			<key>sourceTree</key>
			<string>SOURCE_ROOT</string>
		</dict>
		<key>58A27187C6984D148B4740D1</key>
		<dict>
			<key>includeInIndex</key>
			<string>1</string>
			<key>isa</key>
			<string>PBXFileReference</string>
			<key>lastKnownFileType</key>
			<string>sourcecode.c.h</string>
			<key>name</key>
			<string>RKURLEncodedSerialization.h</string>
			<key>path</key>
			<string>vendor/Pods/Headers/RestKit/RestKit/Support/RKURLEncodedSerialization.h</string>
			<key>sourceTree</key>
			<string>SOURCE_ROOT</string>
		</dict>
		<key>5AAA318C297941A79ECEA447</key>
		<dict>
			<key>buildSettings</key>
			<dict/>
			<key>isa</key>
			<string>XCBuildConfiguration</string>
			<key>name</key>
			<string>Debug</string>
		</dict>
		<key>5C0C899B68184797B4CB890A</key>
		<dict>
			<key>includeInIndex</key>
			<string>1</string>
			<key>isa</key>
			<string>PBXFileReference</string>
			<key>lastKnownFileType</key>
			<string>sourcecode.c.h</string>
			<key>name</key>
			<string>RKValueTransformers.h</string>
			<key>path</key>
			<string>vendor/Pods/Headers/RestKit/RestKit/ObjectMapping/RKValueTransformers.h</string>
			<key>sourceTree</key>
			<string>SOURCE_ROOT</string>
		</dict>
		<key>62F5DAA0247D4758A1E0531E</key>
		<dict>
			<key>includeInIndex</key>
			<string>1</string>
			<key>isa</key>
			<string>PBXFileReference</string>
			<key>lastKnownFileType</key>
			<string>sourcecode.c.h</string>
			<key>name</key>
			<string>RKMappingOperationDataSource.h</string>
			<key>path</key>
			<string>vendor/Pods/Headers/RestKit/RestKit/ObjectMapping/RKMappingOperationDataSource.h</string>
			<key>sourceTree</key>
			<string>SOURCE_ROOT</string>
		</dict>
		<key>66031EA7B2114652AAA7C4C5</key>
		<dict>
			<key>children</key>
			<array>
				<string>C743803615B647AA986FDDC9</string>
				<string>699D5EB223B543E593687AD2</string>
			</array>
			<key>isa</key>
			<string>PBXGroup</string>
			<key>name</key>
			<string>Supporting Files</string>
			<key>path</key>
			<string>ib.xcodeproj</string>
			<key>sourceTree</key>
			<string>&lt;group&gt;</string>
		</dict>
		<key>699D5EB223B543E593687AD2</key>
		<dict>
			<key>includeInIndex</key>
			<string>1</string>
			<key>isa</key>
			<string>PBXFileReference</string>
			<key>lastKnownFileType</key>
			<string>sourcecode.c.objc</string>
			<key>name</key>
			<string>Stubs.m</string>
			<key>path</key>
			<string>ib.xcodeproj/Stubs.m</string>
			<key>sourceTree</key>
			<string>SOURCE_ROOT</string>
		</dict>
		<key>6AE9091041D34459B65C29AF</key>
		<dict>
			<key>buildSettings</key>
			<dict>
				<key>ALWAYS_SEARCH_USER_PATHS</key>
				<string>NO</string>
				<key>ARCHS</key>
				<string>$(ARCHS_STANDARD_32_BIT)</string>
				<key>COPY_PHASE_STRIP</key>
				<string>YES</string>
				<key>DSTROOT</key>
				<string>/tmp/xcodeproj.dst</string>
				<key>GCC_C_LANGUAGE_STANDARD</key>
				<string>gnu99</string>
				<key>GCC_PRECOMPILE_PREFIX_HEADER</key>
				<string>YES</string>
				<key>GCC_VERSION</key>
				<string>com.apple.compilers.llvm.clang.1_0</string>
				<key>INSTALL_PATH</key>
				<string>$(BUILT_PRODUCTS_DIR)</string>
				<key>IPHONEOS_DEPLOYMENT_TARGET</key>
				<string>4.3</string>
				<key>OTHER_CFLAGS</key>
				<string>-DNS_BLOCK_ASSERTIONS=1</string>
				<key>OTHER_CPLUSPLUSFLAGS</key>
				<string>-DNS_BLOCK_ASSERTIONS=1</string>
				<key>OTHER_LDFLAGS</key>
				<string></string>
				<key>PRODUCT_NAME</key>
				<string>$(TARGET_NAME)</string>
				<key>PUBLIC_HEADERS_FOLDER_PATH</key>
				<string>$(TARGET_NAME)</string>
				<key>SDKROOT</key>
				<string>iphoneos</string>
				<key>SKIP_INSTALL</key>
				<string>YES</string>
				<key>VALIDATE_PRODUCT</key>
				<string>YES</string>
			</dict>
			<key>isa</key>
			<string>XCBuildConfiguration</string>
			<key>name</key>
			<string>Release</string>
		</dict>
		<key>6DA69FDFCC664443BEC3C0BF</key>
		<dict>
			<key>includeInIndex</key>
			<string>1</string>
			<key>isa</key>
			<string>PBXFileReference</string>
			<key>lastKnownFileType</key>
			<string>sourcecode.c.h</string>
			<key>name</key>
			<string>RKRoute.h</string>
			<key>path</key>
			<string>vendor/Pods/Headers/RestKit/RestKit/Network/RKRoute.h</string>
			<key>sourceTree</key>
			<string>SOURCE_ROOT</string>
		</dict>
		<key>6F5B4F18C6DA4429A406D02B</key>
		<dict>
			<key>includeInIndex</key>
			<string>1</string>
			<key>isa</key>
			<string>PBXFileReference</string>
			<key>lastKnownFileType</key>
			<string>sourcecode.c.h</string>
			<key>name</key>
			<string>UIImageView+AFNetworking.h</string>
			<key>path</key>
			<string>vendor/Pods/Headers/AFNetworking/UIImageView+AFNetworking.h</string>
			<key>sourceTree</key>
			<string>SOURCE_ROOT</string>
		</dict>
		<key>70015BA5AB9B4676B36404FA</key>
		<dict>
			<key>includeInIndex</key>
			<string>1</string>
			<key>isa</key>
			<string>PBXFileReference</string>
			<key>lastKnownFileType</key>
			<string>sourcecode.c.h</string>
			<key>name</key>
			<string>RKSerialization.h</string>
			<key>path</key>
			<string>vendor/Pods/Headers/RestKit/RestKit/Support/RKSerialization.h</string>
			<key>sourceTree</key>
			<string>SOURCE_ROOT</string>
		</dict>
		<key>7222A1FE9B184C33B1DE371B</key>
		<dict>
			<key>includeInIndex</key>
			<string>1</string>
			<key>isa</key>
			<string>PBXFileReference</string>
			<key>lastKnownFileType</key>
			<string>sourcecode.c.h</string>
			<key>name</key>
			<string>RKRouter.h</string>
			<key>path</key>
			<string>vendor/Pods/Headers/RestKit/RestKit/Network/RKRouter.h</string>
			<key>sourceTree</key>
			<string>SOURCE_ROOT</string>
		</dict>
		<key>749F045AE8654967A1DA2E11</key>
		<dict>
			<key>fileRef</key>
			<string>386AD145EF314D69A8B98887</string>
			<key>isa</key>
			<string>PBXBuildFile</string>
			<key>settings</key>
			<dict/>
		</dict>
		<key>75E14AEC3A4C424780E1AD0B</key>
		<dict>
			<key>includeInIndex</key>
			<string>1</string>
			<key>isa</key>
			<string>PBXFileReference</string>
			<key>lastKnownFileType</key>
			<string>sourcecode.c.h</string>
			<key>name</key>
			<string>RKMapperOperation_Private.h</string>
			<key>path</key>
			<string>vendor/Pods/Headers/RestKit/RestKit/ObjectMapping/RKMapperOperation_Private.h</string>
			<key>sourceTree</key>
			<string>SOURCE_ROOT</string>
		</dict>
		<key>786CE36243BC4554A467DC04</key>
		<dict>
			<key>includeInIndex</key>
			<string>1</string>
			<key>isa</key>
			<string>PBXFileReference</string>
			<key>lastKnownFileType</key>
			<string>sourcecode.c.h</string>
			<key>name</key>
			<string>AFPropertyListRequestOperation.h</string>
			<key>path</key>
			<string>vendor/Pods/Headers/AFNetworking/AFPropertyListRequestOperation.h</string>
			<key>sourceTree</key>
			<string>SOURCE_ROOT</string>
		</dict>
		<key>7929FF31AAF3439496DEC06D</key>
		<dict>
			<key>includeInIndex</key>
			<string>1</string>
			<key>isa</key>
			<string>PBXFileReference</string>
			<key>lastKnownFileType</key>
			<string>sourcecode.c.h</string>
			<key>name</key>
			<string>lcl_config_extensions_RK.h</string>
			<key>path</key>
			<string>vendor/Pods/Headers/RestKit/RestKit/Support/lcl_config_extensions_RK.h</string>
			<key>sourceTree</key>
			<string>SOURCE_ROOT</string>
		</dict>
		<key>79C3870AB1BE4F44A38A7835</key>
		<dict>
			<key>includeInIndex</key>
			<string>1</string>
			<key>isa</key>
			<string>PBXFileReference</string>
			<key>lastKnownFileType</key>
			<string>sourcecode.c.h</string>
			<key>name</key>
			<string>RKMappingResult.h</string>
			<key>path</key>
			<string>vendor/Pods/Headers/RestKit/RestKit/ObjectMapping/RKMappingResult.h</string>
			<key>sourceTree</key>
			<string>SOURCE_ROOT</string>
		</dict>
		<key>7F396DCC36E1498693A427F7</key>
		<dict>
			<key>includeInIndex</key>
			<string>1</string>
			<key>isa</key>
			<string>PBXFileReference</string>
			<key>lastKnownFileType</key>
			<string>sourcecode.c.h</string>
			<key>name</key>
			<string>RKMacros.h</string>
			<key>path</key>
			<string>vendor/Pods/Headers/RestKit/RestKit/Support/RKMacros.h</string>
			<key>sourceTree</key>
			<string>SOURCE_ROOT</string>
		</dict>
		<key>8066BB0CF36B444294A801E8</key>
		<dict>
			<key>attributes</key>
			<dict>
				<key>LastUpgradeCheck</key>
				<string>0450</string>
			</dict>
			<key>buildConfigurationList</key>
			<string>4C38FEEDB5B44FEEBDA30BAA</string>
			<key>compatibilityVersion</key>
			<string>Xcode 3.2</string>
			<key>developmentRegion</key>
			<string>English</string>
			<key>hasScannedForEncodings</key>
			<string>0</string>
			<key>isa</key>
			<string>PBXProject</string>
			<key>knownRegions</key>
			<array>
				<string>en</string>
			</array>
			<key>mainGroup</key>
			<string>B7CCEC218FA34F44BEA426DE</string>
			<key>productRefGroup</key>
			<string>3AD477C536FF4500A2A047B5</string>
			<key>projectReferences</key>
			<array/>
			<key>targets</key>
			<array>
				<string>BA1DB68AE6EF4F2F90C43F4D</string>
			</array>
		</dict>
		<key>888ED86AF0754388BE099C0E</key>
		<dict>
			<key>includeInIndex</key>
			<string>1</string>
			<key>isa</key>
			<string>PBXFileReference</string>
			<key>lastKnownFileType</key>
			<string>sourcecode.c.h</string>
			<key>name</key>
			<string>RKRelationshipMapping.h</string>
			<key>path</key>
			<string>vendor/Pods/Headers/RestKit/RestKit/ObjectMapping/RKRelationshipMapping.h</string>
			<key>sourceTree</key>
			<string>SOURCE_ROOT</string>
		</dict>
		<key>8B4C9C6DF4AB4AAB8BCDAC55</key>
		<dict>
			<key>includeInIndex</key>
			<string>1</string>
			<key>isa</key>
			<string>PBXFileReference</string>
			<key>lastKnownFileType</key>
			<string>sourcecode.c.h</string>
			<key>name</key>
			<string>RKDynamicMapping.h</string>
			<key>path</key>
			<string>vendor/Pods/Headers/RestKit/RestKit/ObjectMapping/RKDynamicMapping.h</string>
			<key>sourceTree</key>
			<string>SOURCE_ROOT</string>
		</dict>
		<key>8E11B69AAEC143C7AA0B4EE3</key>
		<dict>
			<key>includeInIndex</key>
			<string>1</string>
			<key>isa</key>
			<string>PBXFileReference</string>
			<key>lastKnownFileType</key>
			<string>sourcecode.c.h</string>
			<key>name</key>
			<string>RKISO8601DateFormatter.h</string>
			<key>path</key>
			<string>vendor/Pods/Headers/RestKit/RestKit/Support/RKISO8601DateFormatter.h</string>
			<key>sourceTree</key>
			<string>SOURCE_ROOT</string>
		</dict>
		<key>9070E09B24324CA79DB775B2</key>
		<dict>
			<key>includeInIndex</key>
			<string>1</string>
			<key>isa</key>
			<string>PBXFileReference</string>
			<key>lastKnownFileType</key>
			<string>sourcecode.c.h</string>
			<key>name</key>
			<string>AFNetworkActivityIndicatorManager.h</string>
			<key>path</key>
			<string>vendor/Pods/Headers/AFNetworking/AFNetworkActivityIndicatorManager.h</string>
			<key>sourceTree</key>
			<string>SOURCE_ROOT</string>
		</dict>
		<key>92BA70BF1F4541049E9300E0</key>
		<dict>
			<key>includeInIndex</key>
			<string>1</string>
			<key>isa</key>
			<string>PBXFileReference</string>
			<key>lastKnownFileType</key>
			<string>sourcecode.c.h</string>
			<key>name</key>
			<string>RKMapperOperation.h</string>
			<key>path</key>
			<string>vendor/Pods/Headers/RestKit/RestKit/ObjectMapping/RKMapperOperation.h</string>
			<key>sourceTree</key>
			<string>SOURCE_ROOT</string>
		</dict>
		<key>95623100E2ED439C92F42CA3</key>
		<dict>
			<key>includeInIndex</key>
			<string>1</string>
			<key>isa</key>
			<string>PBXFileReference</string>
			<key>lastKnownFileType</key>
			<string>sourcecode.c.h</string>
			<key>name</key>
			<string>RKPathMatcher.h</string>
			<key>path</key>
			<string>vendor/Pods/Headers/RestKit/RestKit/Support/RKPathMatcher.h</string>
			<key>sourceTree</key>
			<string>SOURCE_ROOT</string>
		</dict>
		<key>95D8446B1F2542D18CD1CCE7</key>
		<dict>
			<key>includeInIndex</key>
			<string>1</string>
			<key>isa</key>
			<string>PBXFileReference</string>
			<key>lastKnownFileType</key>
			<string>sourcecode.c.h</string>
			<key>name</key>
			<string>SOCKit.h</string>
			<key>path</key>
			<string>vendor/Pods/Headers/SOCKit/SOCKit.h</string>
			<key>sourceTree</key>
			<string>SOURCE_ROOT</string>
		</dict>
		<key>97CD49D726F34F6B91424F3C</key>
		<dict>
			<key>includeInIndex</key>
			<string>1</string>
			<key>isa</key>
			<string>PBXFileReference</string>
			<key>lastKnownFileType</key>
			<string>sourcecode.c.h</string>
			<key>name</key>
			<string>lcl_config_logger_RK.h</string>
			<key>path</key>
			<string>vendor/Pods/Headers/RestKit/RestKit/Support/lcl_config_logger_RK.h</string>
			<key>sourceTree</key>
			<string>SOURCE_ROOT</string>
		</dict>
		<key>9A5FEECD145F460891E8AA5B</key>
		<dict>
			<key>includeInIndex</key>
			<string>1</string>
			<key>isa</key>
			<string>PBXFileReference</string>
			<key>lastKnownFileType</key>
			<string>sourcecode.c.h</string>
			<key>name</key>
			<string>AFXMLRequestOperation.h</string>
			<key>path</key>
			<string>vendor/Pods/Headers/AFNetworking/AFXMLRequestOperation.h</string>
			<key>sourceTree</key>
			<string>SOURCE_ROOT</string>
		</dict>
		<key>9ADE677BEB484648988DC35D</key>
		<dict>
			<key>includeInIndex</key>
			<string>1</string>
			<key>isa</key>
			<string>PBXFileReference</string>
			<key>lastKnownFileType</key>
			<string>sourcecode.c.h</string>
			<key>name</key>
			<string>ObjectMapping.h</string>
			<key>path</key>
			<string>vendor/Pods/Headers/RestKit/RestKit/ObjectMapping.h</string>
			<key>sourceTree</key>
			<string>SOURCE_ROOT</string>
		</dict>
		<key>9AFE2A46D34A47D99685B8BF</key>
		<dict>
			<key>includeInIndex</key>
			<string>1</string>
			<key>isa</key>
			<string>PBXFileReference</string>
			<key>lastKnownFileType</key>
			<string>sourcecode.c.h</string>
			<key>name</key>
			<string>RKMappingErrors.h</string>
			<key>path</key>
			<string>vendor/Pods/Headers/RestKit/RestKit/ObjectMapping/RKMappingErrors.h</string>
			<key>sourceTree</key>
			<string>SOURCE_ROOT</string>
		</dict>
		<key>9B13E85D1C2E438DA1B376E7</key>
		<dict>
			<key>includeInIndex</key>
			<string>1</string>
			<key>isa</key>
			<string>PBXFileReference</string>
			<key>lastKnownFileType</key>
			<string>sourcecode.c.h</string>
			<key>name</key>
			<string>Network.h</string>
			<key>path</key>
			<string>vendor/Pods/Headers/RestKit/RestKit/Network.h</string>
			<key>sourceTree</key>
			<string>SOURCE_ROOT</string>
		</dict>
		<key>9B4775E9D37F40FF8F6E0096</key>
		<dict>
			<key>includeInIndex</key>
			<string>1</string>
			<key>isa</key>
			<string>PBXFileReference</string>
			<key>lastKnownFileType</key>
			<string>sourcecode.c.h</string>
			<key>name</key>
			<string>RKResponseMapperOperation.h</string>
			<key>path</key>
			<string>vendor/Pods/Headers/RestKit/RestKit/Network/RKResponseMapperOperation.h</string>
			<key>sourceTree</key>
			<string>SOURCE_ROOT</string>
		</dict>
		<key>9C44B991FF3C4444B94E80C8</key>
		<dict>
			<key>children</key>
			<array>
				<string>386AD145EF314D69A8B98887</string>
				<string>F90715997ECF4D38B2C347AA</string>
				<string>AD96E426CD054F5D86BC6684</string>
				<string>D6D70DB0399A4CB3BA77FD32</string>
			</array>
			<key>isa</key>
			<string>PBXGroup</string>
			<key>name</key>
			<string>Frameworks</string>
			<key>sourceTree</key>
			<string>&lt;group&gt;</string>
		</dict>
		<key>9D6A95F5B80D4E87B74E6D25</key>
		<dict>
			<key>includeInIndex</key>
			<string>1</string>
			<key>isa</key>
			<string>PBXFileReference</string>
			<key>lastKnownFileType</key>
			<string>sourcecode.c.h</string>
			<key>name</key>
			<string>RKRequestDescriptor.h</string>
			<key>path</key>
			<string>vendor/Pods/Headers/RestKit/RestKit/Network/RKRequestDescriptor.h</string>
			<key>sourceTree</key>
			<string>SOURCE_ROOT</string>
		</dict>
		<key>9EB6F118B9C2419295A07649</key>
		<dict>
			<key>includeInIndex</key>
			<string>1</string>
			<key>isa</key>
			<string>PBXFileReference</string>
			<key>lastKnownFileType</key>
			<string>sourcecode.c.h</string>
			<key>name</key>
			<string>RKManagedObjectStore.h</string>
			<key>path</key>
			<string>vendor/Pods/Headers/RestKit/RestKit/CoreData/RKManagedObjectStore.h</string>
			<key>sourceTree</key>
			<string>SOURCE_ROOT</string>
		</dict>
		<key>9FFAB29973D04E759E29105A</key>
		<dict>
			<key>buildSettings</key>
			<dict>
				<key>ALWAYS_SEARCH_USER_PATHS</key>
				<string>NO</string>
				<key>ARCHS</key>
				<string>$(ARCHS_STANDARD_32_BIT)</string>
				<key>COPY_PHASE_STRIP</key>
				<string>NO</string>
				<key>DSTROOT</key>
				<string>/tmp/xcodeproj.dst</string>
				<key>GCC_C_LANGUAGE_STANDARD</key>
				<string>gnu99</string>
				<key>GCC_DYNAMIC_NO_PIC</key>
				<string>NO</string>
				<key>GCC_OPTIMIZATION_LEVEL</key>
				<string>0</string>
				<key>GCC_PRECOMPILE_PREFIX_HEADER</key>
				<string>YES</string>
				<key>GCC_PREPROCESSOR_DEFINITIONS</key>
				<array>
					<string>DEBUG=1</string>
					<string>$(inherited)</string>
				</array>
				<key>GCC_SYMBOLS_PRIVATE_EXTERN</key>
				<string>NO</string>
				<key>GCC_VERSION</key>
				<string>com.apple.compilers.llvm.clang.1_0</string>
				<key>INSTALL_PATH</key>
				<string>$(BUILT_PRODUCTS_DIR)</string>
				<key>IPHONEOS_DEPLOYMENT_TARGET</key>
				<string>4.3</string>
				<key>OTHER_LDFLAGS</key>
				<string></string>
				<key>PRODUCT_NAME</key>
				<string>$(TARGET_NAME)</string>
				<key>PUBLIC_HEADERS_FOLDER_PATH</key>
				<string>$(TARGET_NAME)</string>
				<key>SDKROOT</key>
				<string>iphoneos</string>
				<key>SKIP_INSTALL</key>
				<string>YES</string>
			</dict>
			<key>isa</key>
			<string>XCBuildConfiguration</string>
			<key>name</key>
			<string>Debug</string>
		</dict>
		<key>A08C20A8330F4C7884BE2A43</key>
		<dict>
			<key>includeInIndex</key>
			<string>1</string>
			<key>isa</key>
			<string>PBXFileReference</string>
			<key>lastKnownFileType</key>
			<string>sourcecode.c.h</string>
			<key>name</key>
			<string>RKPropertyInspector.h</string>
			<key>path</key>
			<string>vendor/Pods/Headers/RestKit/RestKit/ObjectMapping/RKPropertyInspector.h</string>
			<key>sourceTree</key>
			<string>SOURCE_ROOT</string>
		</dict>
		<key>A3035F269C314243A0ADB66C</key>
		<dict>
			<key>includeInIndex</key>
			<string>1</string>
			<key>isa</key>
			<string>PBXFileReference</string>
			<key>lastKnownFileType</key>
			<string>sourcecode.c.h</string>
			<key>name</key>
			<string>RKMIMETypeSerialization.h</string>
			<key>path</key>
			<string>vendor/Pods/Headers/RestKit/RestKit/Support/RKMIMETypeSerialization.h</string>
			<key>sourceTree</key>
			<string>SOURCE_ROOT</string>
		</dict>
		<key>A60C07F7BD1E4C719D6709D1</key>
		<dict>
			<key>buildActionMask</key>
			<string>2147483647</string>
			<key>files</key>
			<array>
				<string>749F045AE8654967A1DA2E11</string>
			</array>
			<key>isa</key>
			<string>PBXFrameworksBuildPhase</string>
			<key>runOnlyForDeploymentPostprocessing</key>
			<string>0</string>
		</dict>
		<key>A94D568D1F0C4788AE30C407</key>
		<dict>
			<key>explicitFileType</key>
			<string>archive.ar</string>
			<key>includeInIndex</key>
			<string>0</string>
			<key>isa</key>
			<string>PBXFileReference</string>
			<key>name</key>
			<string>libib.a</string>
			<key>path</key>
			<string>libib.a</string>
			<key>sourceTree</key>
			<string>BUILT_PRODUCTS_DIR</string>
		</dict>
		<key>AD20E075E1E4440BAE9E22F0</key>
		<dict>
			<key>includeInIndex</key>
			<string>1</string>
			<key>isa</key>
			<string>PBXFileReference</string>
			<key>lastKnownFileType</key>
			<string>sourcecode.c.h</string>
			<key>name</key>
			<string>RKPathUtilities.h</string>
			<key>path</key>
			<string>vendor/Pods/Headers/RestKit/RestKit/Support/RKPathUtilities.h</string>
			<key>sourceTree</key>
			<string>SOURCE_ROOT</string>
		</dict>
		<key>AD96E426CD054F5D86BC6684</key>
		<dict>
			<key>includeInIndex</key>
			<string>1</string>
			<key>isa</key>
			<string>PBXFileReference</string>
			<key>lastKnownFileType</key>
			<string>wrapper.framework</string>
			<key>name</key>
			<string>CoreGraphics.framework</string>
			<key>path</key>
			<string>Platforms/iPhoneOS.platform/Developer/SDKs/iPhoneOS6.1.sdk/System/Library/Frameworks/CoreGraphics.framework</string>
			<key>sourceTree</key>
			<string>DEVELOPER_DIR</string>
		</dict>
		<key>B59A506CB9144D2EA4F94A48</key>
		<dict>
			<key>includeInIndex</key>
			<string>1</string>
			<key>isa</key>
			<string>PBXFileReference</string>
			<key>name</key>
			<string>MainStoryboard.storyboard</string>
			<key>path</key>
			<string>resources/MainStoryboard.storyboard</string>
			<key>sourceTree</key>
			<string>SOURCE_ROOT</string>
		</dict>
		<key>B68421A6669048FBB0AB8069</key>
		<dict>
			<key>includeInIndex</key>
			<string>1</string>
			<key>isa</key>
			<string>PBXFileReference</string>
			<key>lastKnownFileType</key>
			<string>sourcecode.c.h</string>
			<key>name</key>
			<string>RKManagedObjectMappingOperationDataSource.h</string>
			<key>path</key>
			<string>vendor/Pods/Headers/RestKit/RestKit/CoreData/RKManagedObjectMappingOperationDataSource.h</string>
			<key>sourceTree</key>
			<string>SOURCE_ROOT</string>
		</dict>
		<key>B7CCEC218FA34F44BEA426DE</key>
		<dict>
			<key>children</key>
			<array>
				<string>3AD477C536FF4500A2A047B5</string>
				<string>9C44B991FF3C4444B94E80C8</string>
				<string>5636470E569A4D6E995AD9FB</string>
				<string>66031EA7B2114652AAA7C4C5</string>
				<string>F80D4D3F6D1A4451B3565D66</string>
			</array>
			<key>isa</key>
			<string>PBXGroup</string>
			<key>sourceTree</key>
			<string>&lt;group&gt;</string>
		</dict>
		<key>B8B929ECEFDE4E32AC615D21</key>
		<dict>
			<key>includeInIndex</key>
			<string>1</string>
			<key>isa</key>
			<string>PBXFileReference</string>
			<key>lastKnownFileType</key>
			<string>sourcecode.c.h</string>
			<key>name</key>
			<string>RKRelationshipConnectionOperation.h</string>
			<key>path</key>
			<string>vendor/Pods/Headers/RestKit/RestKit/CoreData/RKRelationshipConnectionOperation.h</string>
			<key>sourceTree</key>
			<string>SOURCE_ROOT</string>
		</dict>
		<key>BA1DB68AE6EF4F2F90C43F4D</key>
		<dict>
			<key>buildConfigurationList</key>
			<string>3DC60D8F678349749729B7E9</string>
			<key>buildPhases</key>
			<array>
				<string>0108C2FA0F82484FB55964F4</string>
				<string>A60C07F7BD1E4C719D6709D1</string>
			</array>
			<key>buildRules</key>
			<array/>
			<key>dependencies</key>
			<array/>
			<key>isa</key>
			<string>PBXNativeTarget</string>
			<key>name</key>
			<string>ib</string>
			<key>productName</key>
			<string>ib</string>
			<key>productReference</key>
			<string>A94D568D1F0C4788AE30C407</string>
			<key>productType</key>
			<string>com.apple.product-type.library.static</string>
		</dict>
		<key>BECB53E8533C4510A00C69F7</key>
		<dict>
			<key>includeInIndex</key>
			<string>1</string>
			<key>isa</key>
			<string>PBXFileReference</string>
			<key>lastKnownFileType</key>
			<string>sourcecode.c.h</string>
			<key>name</key>
			<string>AFHTTPRequestOperation.h</string>
			<key>path</key>
			<string>vendor/Pods/Headers/AFNetworking/AFHTTPRequestOperation.h</string>
			<key>sourceTree</key>
			<string>SOURCE_ROOT</string>
		</dict>
		<key>BF209817F85C4543838906B1</key>
		<dict>
			<key>includeInIndex</key>
			<string>1</string>
			<key>isa</key>
			<string>PBXFileReference</string>
			<key>lastKnownFileType</key>
			<string>sourcecode.c.h</string>
			<key>name</key>
			<string>RKDotNetDateFormatter.h</string>
			<key>path</key>
			<string>vendor/Pods/Headers/RestKit/RestKit/Support/RKDotNetDateFormatter.h</string>
			<key>sourceTree</key>
			<string>SOURCE_ROOT</string>
		</dict>
		<key>BF2EBE287017452D9C369F61</key>
		<dict>
			<key>includeInIndex</key>
			<string>1</string>
			<key>isa</key>
			<string>PBXFileReference</string>
			<key>lastKnownFileType</key>
			<string>sourcecode.c.h</string>
			<key>name</key>
			<string>RKHTTPRequestOperation.h</string>
			<key>path</key>
			<string>vendor/Pods/Headers/RestKit/RestKit/Network/RKHTTPRequestOperation.h</string>
			<key>sourceTree</key>
			<string>SOURCE_ROOT</string>
		</dict>
		<key>C3C20826F0AF4F979EE0B31A</key>
		<dict>
			<key>includeInIndex</key>
			<string>1</string>
			<key>isa</key>
			<string>PBXFileReference</string>
			<key>lastKnownFileType</key>
			<string>sourcecode.c.h</string>
			<key>name</key>
			<string>RKObjectMappingMatcher.h</string>
			<key>path</key>
			<string>vendor/Pods/Headers/RestKit/RestKit/ObjectMapping/RKObjectMappingMatcher.h</string>
			<key>sourceTree</key>
			<string>SOURCE_ROOT</string>
		</dict>
		<key>C40E75CFE6364515B4862FF7</key>
		<dict>
			<key>includeInIndex</key>
			<string>1</string>
			<key>isa</key>
			<string>PBXFileReference</string>
			<key>lastKnownFileType</key>
			<string>sourcecode.c.h</string>
			<key>name</key>
			<string>AFNetworking.h</string>
			<key>path</key>
			<string>vendor/Pods/Headers/AFNetworking/AFNetworking.h</string>
			<key>sourceTree</key>
			<string>SOURCE_ROOT</string>
		</dict>
		<key>C743803615B647AA986FDDC9</key>
		<dict>
			<key>includeInIndex</key>
			<string>1</string>
			<key>isa</key>
			<string>PBXFileReference</string>
			<key>lastKnownFileType</key>
			<string>sourcecode.c.h</string>
			<key>name</key>
			<string>Stubs.h</string>
			<key>path</key>
			<string>ib.xcodeproj/Stubs.h</string>
			<key>sourceTree</key>
			<string>SOURCE_ROOT</string>
		</dict>
		<key>CC0A2F82ADA648E3AD8F0F11</key>
		<dict>
			<key>includeInIndex</key>
			<string>1</string>
			<key>isa</key>
			<string>PBXFileReference</string>
			<key>lastKnownFileType</key>
			<string>sourcecode.c.h</string>
			<key>name</key>
			<string>RestKit.h</string>
			<key>path</key>
			<string>vendor/Pods/Headers/RestKit/RestKit/RestKit.h</string>
			<key>sourceTree</key>
			<string>SOURCE_ROOT</string>
		</dict>
		<key>CE225D0290264F81B9DABCE0</key>
		<dict>
			<key>includeInIndex</key>
			<string>1</string>
			<key>isa</key>
			<string>PBXFileReference</string>
			<key>lastKnownFileType</key>
			<string>sourcecode.c.h</string>
			<key>name</key>
			<string>RKConnectionDescription.h</string>
			<key>path</key>
			<string>vendor/Pods/Headers/RestKit/RestKit/CoreData/RKConnectionDescription.h</string>
			<key>sourceTree</key>
			<string>SOURCE_ROOT</string>
		</dict>
		<key>D154BE67CB934A9DB9CED5AD</key>
		<dict>
			<key>includeInIndex</key>
			<string>1</string>
			<key>isa</key>
			<string>PBXFileReference</string>
			<key>lastKnownFileType</key>
			<string>sourcecode.c.h</string>
			<key>name</key>
			<string>RKManagedObjectImporter.h</string>
			<key>path</key>
			<string>vendor/Pods/Headers/RestKit/RestKit/CoreData/RKManagedObjectImporter.h</string>
			<key>sourceTree</key>
			<string>SOURCE_ROOT</string>
		</dict>
		<key>D2660B617D514CC68A9EDC5D</key>
		<dict>
			<key>includeInIndex</key>
			<string>1</string>
			<key>isa</key>
			<string>PBXFileReference</string>
			<key>lastKnownFileType</key>
			<string>sourcecode.c.h</string>
			<key>name</key>
			<string>RKHTTPUtilities.h</string>
			<key>path</key>
			<string>vendor/Pods/Headers/RestKit/RestKit/ObjectMapping/RKHTTPUtilities.h</string>
			<key>sourceTree</key>
			<string>SOURCE_ROOT</string>
		</dict>
		<key>D315DD0034F2430F9643EEF0</key>
		<dict>
			<key>includeInIndex</key>
			<string>1</string>
			<key>isa</key>
			<string>PBXFileReference</string>
			<key>lastKnownFileType</key>
			<string>sourcecode.c.h</string>
			<key>name</key>
			<string>CoreData.h</string>
			<key>path</key>
			<string>vendor/Pods/Headers/RestKit/RestKit/CoreData.h</string>
			<key>sourceTree</key>
			<string>SOURCE_ROOT</string>
		</dict>
		<key>D3BA6C5829BF4965A6184646</key>
		<dict>
			<key>includeInIndex</key>
			<string>1</string>
			<key>isa</key>
			<string>PBXFileReference</string>
			<key>lastKnownFileType</key>
			<string>sourcecode.c.h</string>
			<key>name</key>
			<string>AFImageRequestOperation.h</string>
			<key>path</key>
			<string>vendor/Pods/Headers/AFNetworking/AFImageRequestOperation.h</string>
			<key>sourceTree</key>
			<string>SOURCE_ROOT</string>
		</dict>
		<key>D63DE1BDA9514019A376A6A6</key>
		<dict>
			<key>includeInIndex</key>
			<string>1</string>
			<key>isa</key>
			<string>PBXFileReference</string>
			<key>lastKnownFileType</key>
			<string>sourcecode.c.h</string>
			<key>name</key>
			<string>Support.h</string>
			<key>path</key>
			<string>vendor/Pods/Headers/RestKit/RestKit/Support.h</string>
			<key>sourceTree</key>
			<string>SOURCE_ROOT</string>
		</dict>
		<key>D6D70DB0399A4CB3BA77FD32</key>
		<dict>
			<key>includeInIndex</key>
			<string>1</string>
			<key>isa</key>
			<string>PBXFileReference</string>
			<key>lastKnownFileType</key>
			<string>wrapper.framework</string>
			<key>name</key>
			<string>CoreData.framework</string>
			<key>path</key>
			<string>Platforms/iPhoneOS.platform/Developer/SDKs/iPhoneOS6.1.sdk/System/Library/Frameworks/CoreData.framework</string>
			<key>sourceTree</key>
			<string>DEVELOPER_DIR</string>
		</dict>
		<key>D7434882FFF3493084939F6B</key>
		<dict>
			<key>fileRef</key>
			<string>699D5EB223B543E593687AD2</string>
			<key>isa</key>
			<string>PBXBuildFile</string>
			<key>settings</key>
			<dict/>
		</dict>
		<key>D86FE5EF50E140B683C280B4</key>
		<dict>
			<key>includeInIndex</key>
			<string>1</string>
			<key>isa</key>
			<string>PBXFileReference</string>
			<key>lastKnownFileType</key>
			<string>sourcecode.c.h</string>
			<key>name</key>
			<string>RKEntityCache.h</string>
			<key>path</key>
			<string>vendor/Pods/Headers/RestKit/RestKit/CoreData/RKEntityCache.h</string>
			<key>sourceTree</key>
			<string>SOURCE_ROOT</string>
		</dict>
		<key>DD85074F36AD456D8A53D659</key>
		<dict>
			<key>includeInIndex</key>
			<string>1</string>
			<key>isa</key>
			<string>PBXFileReference</string>
			<key>lastKnownFileType</key>
			<string>sourcecode.c.h</string>
			<key>name</key>
			<string>RKEntityMapping.h</string>
			<key>path</key>
			<string>vendor/Pods/Headers/RestKit/RestKit/CoreData/RKEntityMapping.h</string>
			<key>sourceTree</key>
			<string>SOURCE_ROOT</string>
		</dict>
		<key>DF772213C63B4F0FAC7E89D7</key>
		<dict>
			<key>includeInIndex</key>
			<string>1</string>
			<key>isa</key>
			<string>PBXFileReference</string>
			<key>lastKnownFileType</key>
			<string>sourcecode.c.h</string>
			<key>name</key>
			<string>RKMappingOperation.h</string>
			<key>path</key>
			<string>vendor/Pods/Headers/RestKit/RestKit/ObjectMapping/RKMappingOperation.h</string>
			<key>sourceTree</key>
			<string>SOURCE_ROOT</string>
		</dict>
		<key>E430CF3D17AA40B0876F7CC6</key>
		<dict>
			<key>includeInIndex</key>
			<string>1</string>
			<key>isa</key>
			<string>PBXFileReference</string>
			<key>lastKnownFileType</key>
			<string>sourcecode.c.h</string>
			<key>name</key>
			<string>RKRouteSet.h</string>
			<key>path</key>
			<string>vendor/Pods/Headers/RestKit/RestKit/Network/RKRouteSet.h</string>
			<key>sourceTree</key>
			<string>SOURCE_ROOT</string>
		</dict>
		<key>E6367461C2754D8BAE14401E</key>
		<dict>
			<key>includeInIndex</key>
			<string>1</string>
			<key>isa</key>
			<string>PBXFileReference</string>
			<key>lastKnownFileType</key>
			<string>sourcecode.c.h</string>
			<key>name</key>
			<string>RKObjectMappingOperationDataSource.h</string>
			<key>path</key>
			<string>vendor/Pods/Headers/RestKit/RestKit/ObjectMapping/RKObjectMappingOperationDataSource.h</string>
			<key>sourceTree</key>
			<string>SOURCE_ROOT</string>
		</dict>
		<key>EEC717A1234C4C199F5A896C</key>
		<dict>
			<key>includeInIndex</key>
			<string>1</string>
			<key>isa</key>
			<string>PBXFileReference</string>
			<key>lastKnownFileType</key>
			<string>sourcecode.c.h</string>
			<key>name</key>
			<string>LCLNSLog_RK.h</string>
			<key>path</key>
			<string>vendor/Pods/Headers/RestKit/RestKit/LCLNSLog_RK.h</string>
			<key>sourceTree</key>
			<string>SOURCE_ROOT</string>
		</dict>
		<key>F08FE318CCE94D22B5799AC3</key>
		<dict>
			<key>includeInIndex</key>
			<string>1</string>
			<key>isa</key>
			<string>PBXFileReference</string>
			<key>lastKnownFileType</key>
			<string>sourcecode.c.h</string>
			<key>name</key>
			<string>lcl_config_components_RK.h</string>
			<key>path</key>
			<string>vendor/Pods/Headers/RestKit/RestKit/Support/lcl_config_components_RK.h</string>
			<key>sourceTree</key>
			<string>SOURCE_ROOT</string>
		</dict>
		<key>F4D3A6CAE34A4007BF42DC5E</key>
		<dict>
			<key>includeInIndex</key>
			<string>1</string>
			<key>isa</key>
			<string>PBXFileReference</string>
			<key>lastKnownFileType</key>
			<string>sourcecode.c.h</string>
			<key>name</key>
			<string>AFJSONRequestOperation.h</string>
			<key>path</key>
			<string>vendor/Pods/Headers/AFNetworking/AFJSONRequestOperation.h</string>
			<key>sourceTree</key>
			<string>SOURCE_ROOT</string>
		</dict>
		<key>F5B8F86BF71D481282DAB744</key>
		<dict>
			<key>includeInIndex</key>
			<string>1</string>
			<key>isa</key>
			<string>PBXFileReference</string>
			<key>lastKnownFileType</key>
			<string>sourcecode.c.h</string>
			<key>name</key>
			<string>NSManagedObject+RKAdditions.h</string>
			<key>path</key>
			<string>vendor/Pods/Headers/RestKit/RestKit/CoreData/NSManagedObject+RKAdditions.h</string>
			<key>sourceTree</key>
			<string>SOURCE_ROOT</string>
		</dict>
		<key>F6659BA00B814F73950E54A3</key>
		<dict>
			<key>includeInIndex</key>
			<string>1</string>
			<key>isa</key>
			<string>PBXFileReference</string>
			<key>lastKnownFileType</key>
			<string>sourcecode.c.h</string>
			<key>name</key>
			<string>RKManagedObjectRequestOperation.h</string>
			<key>path</key>
			<string>vendor/Pods/Headers/RestKit/RestKit/Network/RKManagedObjectRequestOperation.h</string>
			<key>sourceTree</key>
			<string>SOURCE_ROOT</string>
		</dict>
		<key>F80D4D3F6D1A4451B3565D66</key>
		<dict>
			<key>children</key>
			<array>
				<string>30E7D56E9DC9495E90237F84</string>
				<string>BECB53E8533C4510A00C69F7</string>
				<string>D3BA6C5829BF4965A6184646</string>
				<string>F4D3A6CAE34A4007BF42DC5E</string>
				<string>9070E09B24324CA79DB775B2</string>
				<string>C40E75CFE6364515B4862FF7</string>
				<string>786CE36243BC4554A467DC04</string>
				<string>2C219169CCBA4F3E961AE9FD</string>
				<string>9A5FEECD145F460891E8AA5B</string>
				<string>6F5B4F18C6DA4429A406D02B</string>
				<string>F5B8F86BF71D481282DAB744</string>
				<string>3D9D83E3E8BE407FB2AF0257</string>
				<string>CE225D0290264F81B9DABCE0</string>
				<string>57F0482143684F4EB3D9BF62</string>
				<string>D86FE5EF50E140B683C280B4</string>
				<string>DD85074F36AD456D8A53D659</string>
				<string>3F9467866A804E55BA5C8FB9</string>
				<string>195771D876B24481A6C63176</string>
				<string>1AE236AFA00E4C759C96EF78</string>
				<string>D154BE67CB934A9DB9CED5AD</string>
				<string>B68421A6669048FBB0AB8069</string>
				<string>9EB6F118B9C2419295A07649</string>
				<string>2695C7684A0B4B94AC445AB0</string>
				<string>B8B929ECEFDE4E32AC615D21</string>
				<string>D315DD0034F2430F9643EEF0</string>
				<string>230163C9F3514905A50479DE</string>
				<string>EEC717A1234C4C199F5A896C</string>
				<string>BF2EBE287017452D9C369F61</string>
				<string>F6659BA00B814F73950E54A3</string>
				<string>4E04AD2513D54D218FE3BCA3</string>
				<string>4D874283EF404C2A965911FC</string>
				<string>57374CAD2BCF47B2B740BF43</string>
				<string>12C45940B77B4D6BA8FABB1C</string>
				<string>9D6A95F5B80D4E87B74E6D25</string>
				<string>2D39DB8FF52A4F9F9EE030C1</string>
				<string>FC30B5252B4949358E2D9B19</string>
				<string>9B4775E9D37F40FF8F6E0096</string>
				<string>6DA69FDFCC664443BEC3C0BF</string>
				<string>7222A1FE9B184C33B1DE371B</string>
				<string>E430CF3D17AA40B0876F7CC6</string>
				<string>9B13E85D1C2E438DA1B376E7</string>
				<string>0C3FF555CD2A47CE8C9F96C7</string>
				<string>8B4C9C6DF4AB4AAB8BCDAC55</string>
				<string>12006A9CA84C4356A2D9720D</string>
				<string>D2660B617D514CC68A9EDC5D</string>
				<string>92BA70BF1F4541049E9300E0</string>
				<string>75E14AEC3A4C424780E1AD0B</string>
				<string>517298E48AC24A528D9AA4DA</string>
				<string>9AFE2A46D34A47D99685B8BF</string>
				<string>DF772213C63B4F0FAC7E89D7</string>
				<string>62F5DAA0247D4758A1E0531E</string>
				<string>79C3870AB1BE4F44A38A7835</string>
				<string>040389869A8A49C7B3D9B692</string>
				<string>C3C20826F0AF4F979EE0B31A</string>
				<string>E6367461C2754D8BAE14401E</string>
				<string>38860B94D5E8490B9E44FC71</string>
				<string>A08C20A8330F4C7884BE2A43</string>
				<string>039D3DF4F75E431F9E2C534B</string>
				<string>888ED86AF0754388BE099C0E</string>
				<string>5C0C899B68184797B4CB890A</string>
				<string>9ADE677BEB484648988DC35D</string>
				<string>CC0A2F82ADA648E3AD8F0F11</string>
				<string>3E190B96149F488AB013F15A</string>
				<string>F08FE318CCE94D22B5799AC3</string>
				<string>7929FF31AAF3439496DEC06D</string>
				<string>97CD49D726F34F6B91424F3C</string>
				<string>01DEE49131B14BD781E2853B</string>
				<string>BF209817F85C4543838906B1</string>
				<string>4FA859199FC74F4CA60729B6</string>
				<string>8E11B69AAEC143C7AA0B4EE3</string>
				<string>0E9E50CF9A6F4917A83849D3</string>
				<string>7F396DCC36E1498693A427F7</string>
				<string>0C4F791DF4AF41D7B1F41B59</string>
				<string>A3035F269C314243A0ADB66C</string>
				<string>02FD41E1F27544D495A1D058</string>
				<string>95623100E2ED439C92F42CA3</string>
				<string>AD20E075E1E4440BAE9E22F0</string>
				<string>70015BA5AB9B4676B36404FA</string>
				<string>58A27187C6984D148B4740D1</string>
				<string>D63DE1BDA9514019A376A6A6</string>
				<string>1B04ADD196564581B91DF122</string>
				<string>95D8446B1F2542D18CD1CCE7</string>
			</array>
			<key>isa</key>
			<string>PBXGroup</string>
			<key>name</key>
			<string>Pods</string>
			<key>path</key>
			<string>vendor/Pods/Headers</string>
			<key>sourceTree</key>
			<string>&lt;group&gt;</string>
		</dict>
		<key>F90715997ECF4D38B2C347AA</key>
		<dict>
			<key>includeInIndex</key>
			<string>1</string>
			<key>isa</key>
			<string>PBXFileReference</string>
			<key>lastKnownFileType</key>
			<string>wrapper.framework</string>
			<key>name</key>
			<string>QuartzCore.framework</string>
			<key>path</key>
			<string>Platforms/iPhoneOS.platform/Developer/SDKs/iPhoneOS6.1.sdk/System/Library/Frameworks/QuartzCore.framework</string>
			<key>sourceTree</key>
			<string>DEVELOPER_DIR</string>
		</dict>
		<key>FC30B5252B4949358E2D9B19</key>
		<dict>
			<key>includeInIndex</key>
			<string>1</string>
			<key>isa</key>
			<string>PBXFileReference</string>
			<key>lastKnownFileType</key>
			<string>sourcecode.c.h</string>
			<key>name</key>
			<string>RKResponseDescriptor.h</string>
			<key>path</key>
			<string>vendor/Pods/Headers/RestKit/RestKit/Network/RKResponseDescriptor.h</string>
			<key>sourceTree</key>
			<string>SOURCE_ROOT</string>
		</dict>
	</dict>
	<key>rootObject</key>
	<string>8066BB0CF36B444294A801E8</string>
</dict>
</plist>
