<?xml version="1.0" encoding="UTF-8"?>
<!DOCTYPE plist PUBLIC "-//Apple//DTD PLIST 1.0//EN" "http://www.apple.com/DTDs/PropertyList-1.0.dtd">
<plist version="1.0">
<dict>
	<key>archiveVersion</key>
	<string>1</string>
	<key>classes</key>
	<dict/>
	<key>objectVersion</key>
	<string>46</string>
	<key>objects</key>
	<dict>
		<key>000618F606054A82A84D452B</key>
		<dict>
			<key>includeInIndex</key>
			<string>1</string>
			<key>isa</key>
			<string>PBXFileReference</string>
			<key>lastKnownFileType</key>
			<string>sourcecode.c.h</string>
			<key>name</key>
			<string>RKEntityMapping.h</string>
			<key>path</key>
			<string>vendor/Pods/Headers/RestKit/RestKit/CoreData/RKEntityMapping.h</string>
			<key>sourceTree</key>
			<string>SOURCE_ROOT</string>
		</dict>
		<key>0274023E9DD94E7090542A12</key>
		<dict>
			<key>explicitFileType</key>
			<string>archive.ar</string>
			<key>includeInIndex</key>
			<string>0</string>
			<key>isa</key>
			<string>PBXFileReference</string>
			<key>name</key>
			<string>libib.a</string>
			<key>path</key>
			<string>libib.a</string>
			<key>sourceTree</key>
			<string>BUILT_PRODUCTS_DIR</string>
		</dict>
		<key>046F79A7D6894BEAB54CC1BB</key>
		<dict>
			<key>includeInIndex</key>
			<string>1</string>
			<key>isa</key>
			<string>PBXFileReference</string>
			<key>lastKnownFileType</key>
			<string>sourcecode.c.h</string>
			<key>name</key>
			<string>LCLNSLog_RK.h</string>
			<key>path</key>
			<string>vendor/Pods/Headers/RestKit/RestKit/LCLNSLog_RK.h</string>
			<key>sourceTree</key>
			<string>SOURCE_ROOT</string>
		</dict>
		<key>0494FE732564413484843A0D</key>
		<dict>
			<key>includeInIndex</key>
			<string>1</string>
			<key>isa</key>
			<string>PBXFileReference</string>
			<key>lastKnownFileType</key>
			<string>sourcecode.c.h</string>
			<key>name</key>
			<string>AFXMLRequestOperation.h</string>
			<key>path</key>
			<string>vendor/Pods/Headers/AFNetworking/AFXMLRequestOperation.h</string>
			<key>sourceTree</key>
			<string>SOURCE_ROOT</string>
		</dict>
		<key>08AF8C931EA64403A23E0D66</key>
		<dict>
			<key>includeInIndex</key>
			<string>1</string>
			<key>isa</key>
			<string>PBXFileReference</string>
			<key>lastKnownFileType</key>
			<string>sourcecode.c.h</string>
			<key>name</key>
			<string>RKMapperOperation.h</string>
			<key>path</key>
			<string>vendor/Pods/Headers/RestKit/RestKit/ObjectMapping/RKMapperOperation.h</string>
			<key>sourceTree</key>
			<string>SOURCE_ROOT</string>
		</dict>
		<key>094C3B1C583148C89D7DDCE5</key>
		<dict>
			<key>includeInIndex</key>
			<string>1</string>
			<key>isa</key>
			<string>PBXFileReference</string>
			<key>lastKnownFileType</key>
			<string>sourcecode.c.h</string>
			<key>name</key>
			<string>RKRelationshipMapping.h</string>
			<key>path</key>
			<string>vendor/Pods/Headers/RestKit/RestKit/ObjectMapping/RKRelationshipMapping.h</string>
			<key>sourceTree</key>
			<string>SOURCE_ROOT</string>
		</dict>
		<key>098C93DB3C6A49E7B67C1627</key>
		<dict>
			<key>includeInIndex</key>
			<string>1</string>
			<key>isa</key>
			<string>PBXFileReference</string>
			<key>lastKnownFileType</key>
			<string>sourcecode.c.h</string>
			<key>name</key>
			<string>RKPathMatcher.h</string>
			<key>path</key>
			<string>vendor/Pods/Headers/RestKit/RestKit/Support/RKPathMatcher.h</string>
			<key>sourceTree</key>
			<string>SOURCE_ROOT</string>
		</dict>
		<key>09F3941B960C4DDE91682FCC</key>
		<dict>
			<key>includeInIndex</key>
			<string>1</string>
			<key>isa</key>
			<string>PBXFileReference</string>
			<key>lastKnownFileType</key>
			<string>sourcecode.c.h</string>
			<key>name</key>
			<string>RKObjectRequestOperation.h</string>
			<key>path</key>
			<string>vendor/Pods/Headers/RestKit/RestKit/Network/RKObjectRequestOperation.h</string>
			<key>sourceTree</key>
			<string>SOURCE_ROOT</string>
		</dict>
		<key>0ABDEFD272824FCAB2F81F4B</key>
		<dict>
			<key>includeInIndex</key>
			<string>1</string>
			<key>isa</key>
			<string>PBXFileReference</string>
			<key>lastKnownFileType</key>
			<string>sourcecode.c.h</string>
			<key>name</key>
			<string>RKHTTPUtilities.h</string>
			<key>path</key>
			<string>vendor/Pods/Headers/RestKit/RestKit/ObjectMapping/RKHTTPUtilities.h</string>
			<key>sourceTree</key>
			<string>SOURCE_ROOT</string>
		</dict>
		<key>0B2CF64F6F794665A41DED95</key>
		<dict>
			<key>fileRef</key>
			<string>988E20C7C9BE4D258C7EA6AA</string>
			<key>isa</key>
			<string>PBXBuildFile</string>
			<key>settings</key>
			<dict/>
		</dict>
		<key>0BF663528A334A9B87A29A9C</key>
		<dict>
			<key>includeInIndex</key>
			<string>1</string>
			<key>isa</key>
			<string>PBXFileReference</string>
			<key>lastKnownFileType</key>
			<string>sourcecode.c.h</string>
			<key>name</key>
			<string>RKRouter.h</string>
			<key>path</key>
			<string>vendor/Pods/Headers/RestKit/RestKit/Network/RKRouter.h</string>
			<key>sourceTree</key>
			<string>SOURCE_ROOT</string>
		</dict>
		<key>0FB2888C8A1A477BB89BB2FA</key>
		<dict>
			<key>includeInIndex</key>
			<string>1</string>
			<key>isa</key>
			<string>PBXFileReference</string>
			<key>lastKnownFileType</key>
			<string>sourcecode.c.h</string>
			<key>name</key>
			<string>RKObjectMappingMatcher.h</string>
			<key>path</key>
			<string>vendor/Pods/Headers/RestKit/RestKit/ObjectMapping/RKObjectMappingMatcher.h</string>
			<key>sourceTree</key>
			<string>SOURCE_ROOT</string>
		</dict>
		<key>118734AD0C4248E29C6FAD9B</key>
		<dict>
			<key>includeInIndex</key>
			<string>1</string>
			<key>isa</key>
			<string>PBXFileReference</string>
			<key>lastKnownFileType</key>
			<string>sourcecode.c.h</string>
			<key>name</key>
			<string>RKManagedObjectMappingOperationDataSource.h</string>
			<key>path</key>
			<string>vendor/Pods/Headers/RestKit/RestKit/CoreData/RKManagedObjectMappingOperationDataSource.h</string>
			<key>sourceTree</key>
			<string>SOURCE_ROOT</string>
		</dict>
		<key>144FADD24E2B40E8B5560B24</key>
		<dict>
			<key>includeInIndex</key>
			<string>1</string>
			<key>isa</key>
			<string>PBXFileReference</string>
			<key>lastKnownFileType</key>
			<string>sourcecode.c.h</string>
			<key>name</key>
			<string>RKObjectUtilities.h</string>
			<key>path</key>
			<string>vendor/Pods/Headers/RestKit/RestKit/ObjectMapping/RKObjectUtilities.h</string>
			<key>sourceTree</key>
			<string>SOURCE_ROOT</string>
		</dict>
		<key>15802FD8E827431FB8B7B58F</key>
		<dict>
			<key>includeInIndex</key>
			<string>1</string>
			<key>isa</key>
			<string>PBXFileReference</string>
			<key>lastKnownFileType</key>
			<string>sourcecode.c.h</string>
			<key>name</key>
			<string>NSManagedObject+RKAdditions.h</string>
			<key>path</key>
			<string>vendor/Pods/Headers/RestKit/RestKit/CoreData/NSManagedObject+RKAdditions.h</string>
			<key>sourceTree</key>
			<string>SOURCE_ROOT</string>
		</dict>
		<key>16F020E0DB194885B2652DA4</key>
		<dict>
			<key>includeInIndex</key>
			<string>1</string>
			<key>isa</key>
			<string>PBXFileReference</string>
			<key>lastKnownFileType</key>
			<string>sourcecode.c.h</string>
			<key>name</key>
			<string>RKPropertyMapping.h</string>
			<key>path</key>
			<string>vendor/Pods/Headers/RestKit/RestKit/ObjectMapping/RKPropertyMapping.h</string>
			<key>sourceTree</key>
			<string>SOURCE_ROOT</string>
		</dict>
		<key>1B7FC04462CE40C6ABFE62C6</key>
		<dict>
			<key>includeInIndex</key>
			<string>1</string>
			<key>isa</key>
			<string>PBXFileReference</string>
			<key>lastKnownFileType</key>
			<string>sourcecode.c.h</string>
			<key>name</key>
			<string>lcl_config_logger_RK.h</string>
			<key>path</key>
			<string>vendor/Pods/Headers/RestKit/RestKit/Support/lcl_config_logger_RK.h</string>
			<key>sourceTree</key>
			<string>SOURCE_ROOT</string>
		</dict>
		<key>1D11E381BBC447F3B6312FF3</key>
		<dict>
			<key>includeInIndex</key>
			<string>1</string>
			<key>isa</key>
			<string>PBXFileReference</string>
			<key>lastKnownFileType</key>
			<string>sourcecode.c.h</string>
			<key>name</key>
			<string>RKDynamicMapping.h</string>
			<key>path</key>
			<string>vendor/Pods/Headers/RestKit/RestKit/ObjectMapping/RKDynamicMapping.h</string>
			<key>sourceTree</key>
			<string>SOURCE_ROOT</string>
		</dict>
		<key>1E3AD1D52EC44D5DAE196C67</key>
		<dict>
			<key>includeInIndex</key>
			<string>1</string>
			<key>isa</key>
			<string>PBXFileReference</string>
			<key>lastKnownFileType</key>
			<string>sourcecode.c.h</string>
			<key>name</key>
			<string>RKURLEncodedSerialization.h</string>
			<key>path</key>
			<string>vendor/Pods/Headers/RestKit/RestKit/Support/RKURLEncodedSerialization.h</string>
			<key>sourceTree</key>
			<string>SOURCE_ROOT</string>
		</dict>
		<key>1E4148CACFA34AF3B56B4228</key>
		<dict>
			<key>includeInIndex</key>
			<string>1</string>
			<key>isa</key>
			<string>PBXFileReference</string>
			<key>lastKnownFileType</key>
			<string>sourcecode.c.h</string>
			<key>name</key>
			<string>ObjectMapping.h</string>
			<key>path</key>
			<string>vendor/Pods/Headers/RestKit/RestKit/ObjectMapping.h</string>
			<key>sourceTree</key>
			<string>SOURCE_ROOT</string>
		</dict>
		<key>2066839029A04A1F8B124694</key>
		<dict>
			<key>includeInIndex</key>
			<string>1</string>
			<key>isa</key>
			<string>PBXFileReference</string>
			<key>lastKnownFileType</key>
			<string>sourcecode.c.h</string>
			<key>name</key>
			<string>AFImageRequestOperation.h</string>
			<key>path</key>
			<string>vendor/Pods/Headers/AFNetworking/AFImageRequestOperation.h</string>
			<key>sourceTree</key>
			<string>SOURCE_ROOT</string>
		</dict>
		<key>268302EBE91F4B7CB09A7362</key>
		<dict>
			<key>includeInIndex</key>
			<string>1</string>
			<key>isa</key>
			<string>PBXFileReference</string>
			<key>lastKnownFileType</key>
			<string>sourcecode.c.h</string>
			<key>name</key>
			<string>UIImageView+AFNetworking.h</string>
			<key>path</key>
			<string>vendor/Pods/Headers/AFNetworking/UIImageView+AFNetworking.h</string>
			<key>sourceTree</key>
			<string>SOURCE_ROOT</string>
		</dict>
		<key>284CB25F7E954FAF8433B866</key>
		<dict>
			<key>includeInIndex</key>
			<string>1</string>
			<key>isa</key>
			<string>PBXFileReference</string>
			<key>lastKnownFileType</key>
			<string>sourcecode.c.h</string>
			<key>name</key>
			<string>RKRelationshipConnectionOperation.h</string>
			<key>path</key>
			<string>vendor/Pods/Headers/RestKit/RestKit/CoreData/RKRelationshipConnectionOperation.h</string>
			<key>sourceTree</key>
			<string>SOURCE_ROOT</string>
		</dict>
		<key>32A5EC275F52416598BEDEEF</key>
		<dict>
			<key>buildConfigurations</key>
			<array>
				<string>576683D489384AC98B5B7963</string>
				<string>8B2B067121BC422687769AB8</string>
			</array>
			<key>defaultConfigurationIsVisible</key>
			<string>0</string>
			<key>defaultConfigurationName</key>
			<string>Release</string>
			<key>isa</key>
			<string>XCConfigurationList</string>
		</dict>
		<key>349F6AB7F9E945628CFBC619</key>
		<dict>
			<key>buildActionMask</key>
			<string>2147483647</string>
			<key>files</key>
			<array>
				<string>FBF11CA9C6B5482394AC8C2F</string>
			</array>
			<key>isa</key>
			<string>PBXSourcesBuildPhase</string>
			<key>runOnlyForDeploymentPostprocessing</key>
			<string>0</string>
		</dict>
		<key>3A77FEE86B0C4E46B88676FD</key>
		<dict>
			<key>includeInIndex</key>
			<string>1</string>
			<key>isa</key>
			<string>PBXFileReference</string>
			<key>lastKnownFileType</key>
			<string>sourcecode.c.h</string>
			<key>name</key>
			<string>lcl_config_components_RK.h</string>
			<key>path</key>
			<string>vendor/Pods/Headers/RestKit/RestKit/Support/lcl_config_components_RK.h</string>
			<key>sourceTree</key>
			<string>SOURCE_ROOT</string>
		</dict>
		<key>3C532002A3AB476295039523</key>
		<dict>
			<key>includeInIndex</key>
			<string>1</string>
			<key>isa</key>
			<string>PBXFileReference</string>
			<key>lastKnownFileType</key>
			<string>sourcecode.c.h</string>
			<key>name</key>
			<string>RKObjectManager.h</string>
			<key>path</key>
			<string>vendor/Pods/Headers/RestKit/RestKit/Network/RKObjectManager.h</string>
			<key>sourceTree</key>
			<string>SOURCE_ROOT</string>
		</dict>
		<key>3CAD7B811B214259B914A4CA</key>
		<dict>
			<key>includeInIndex</key>
			<string>1</string>
			<key>isa</key>
			<string>PBXFileReference</string>
			<key>lastKnownFileType</key>
			<string>sourcecode.c.h</string>
			<key>name</key>
			<string>RKRequestOperationSubclass.h</string>
			<key>path</key>
			<string>vendor/Pods/Headers/RestKit/RestKit/Network/RKRequestOperationSubclass.h</string>
			<key>sourceTree</key>
			<string>SOURCE_ROOT</string>
		</dict>
		<key>41DC050B180A4F41889DE44B</key>
		<dict>
			<key>includeInIndex</key>
			<string>1</string>
			<key>isa</key>
			<string>PBXFileReference</string>
			<key>lastKnownFileType</key>
			<string>sourcecode.c.h</string>
			<key>name</key>
			<string>NSManagedObjectContext+RKAdditions.h</string>
			<key>path</key>
			<string>vendor/Pods/Headers/RestKit/RestKit/CoreData/NSManagedObjectContext+RKAdditions.h</string>
			<key>sourceTree</key>
			<string>SOURCE_ROOT</string>
		</dict>
		<key>41F65495E9FA4F2F80BEB362</key>
		<dict>
			<key>includeInIndex</key>
			<string>1</string>
			<key>isa</key>
			<string>PBXFileReference</string>
			<key>lastKnownFileType</key>
			<string>sourcecode.c.h</string>
			<key>name</key>
			<string>AFHTTPRequestOperation.h</string>
			<key>path</key>
			<string>vendor/Pods/Headers/AFNetworking/AFHTTPRequestOperation.h</string>
			<key>sourceTree</key>
			<string>SOURCE_ROOT</string>
		</dict>
		<key>46C29BECE94A435B839330F8</key>
		<dict>
			<key>includeInIndex</key>
			<string>1</string>
			<key>isa</key>
			<string>PBXFileReference</string>
			<key>lastKnownFileType</key>
			<string>sourcecode.c.h</string>
			<key>name</key>
			<string>RKAttributeMapping.h</string>
			<key>path</key>
			<string>vendor/Pods/Headers/RestKit/RestKit/ObjectMapping/RKAttributeMapping.h</string>
			<key>sourceTree</key>
			<string>SOURCE_ROOT</string>
		</dict>
		<key>48311E11FB4D4957AB06F0A6</key>
		<dict>
			<key>includeInIndex</key>
			<string>1</string>
			<key>isa</key>
			<string>PBXFileReference</string>
			<key>lastKnownFileType</key>
			<string>sourcecode.c.h</string>
			<key>name</key>
			<string>RKPropertyInspector+CoreData.h</string>
			<key>path</key>
			<string>vendor/Pods/Headers/RestKit/RestKit/CoreData/RKPropertyInspector+CoreData.h</string>
			<key>sourceTree</key>
			<string>SOURCE_ROOT</string>
		</dict>
		<key>4836A3842EDC48538B1F6ADB</key>
		<dict>
			<key>includeInIndex</key>
			<string>1</string>
			<key>isa</key>
			<string>PBXFileReference</string>
			<key>lastKnownFileType</key>
			<string>sourcecode.c.h</string>
			<key>name</key>
			<string>RKManagedObjectStore.h</string>
			<key>path</key>
			<string>vendor/Pods/Headers/RestKit/RestKit/CoreData/RKManagedObjectStore.h</string>
			<key>sourceTree</key>
			<string>SOURCE_ROOT</string>
		</dict>
		<key>503ACCF9A9E14BF9BF4E0C09</key>
		<dict>
			<key>includeInIndex</key>
			<string>1</string>
			<key>isa</key>
			<string>PBXFileReference</string>
			<key>lastKnownFileType</key>
			<string>sourcecode.c.h</string>
			<key>name</key>
			<string>AFURLConnectionOperation.h</string>
			<key>path</key>
			<string>vendor/Pods/Headers/AFNetworking/AFURLConnectionOperation.h</string>
			<key>sourceTree</key>
			<string>SOURCE_ROOT</string>
		</dict>
		<key>576683D489384AC98B5B7963</key>
		<dict>
			<key>buildSettings</key>
			<dict>
				<key>ALWAYS_SEARCH_USER_PATHS</key>
				<string>NO</string>
				<key>ARCHS</key>
				<string>$(ARCHS_STANDARD_32_BIT)</string>
				<key>COPY_PHASE_STRIP</key>
				<string>YES</string>
				<key>DSTROOT</key>
				<string>/tmp/xcodeproj.dst</string>
				<key>GCC_C_LANGUAGE_STANDARD</key>
				<string>gnu99</string>
				<key>GCC_PRECOMPILE_PREFIX_HEADER</key>
				<string>YES</string>
				<key>GCC_VERSION</key>
				<string>com.apple.compilers.llvm.clang.1_0</string>
				<key>INSTALL_PATH</key>
				<string>$(BUILT_PRODUCTS_DIR)</string>
				<key>IPHONEOS_DEPLOYMENT_TARGET</key>
				<string>4.3</string>
				<key>OTHER_CFLAGS</key>
				<string>-DNS_BLOCK_ASSERTIONS=1</string>
				<key>OTHER_CPLUSPLUSFLAGS</key>
				<string>-DNS_BLOCK_ASSERTIONS=1</string>
				<key>OTHER_LDFLAGS</key>
				<string></string>
				<key>PRODUCT_NAME</key>
				<string>$(TARGET_NAME)</string>
				<key>PUBLIC_HEADERS_FOLDER_PATH</key>
				<string>$(TARGET_NAME)</string>
				<key>SDKROOT</key>
				<string>iphoneos</string>
				<key>SKIP_INSTALL</key>
				<string>YES</string>
				<key>VALIDATE_PRODUCT</key>
				<string>YES</string>
			</dict>
			<key>isa</key>
			<string>XCBuildConfiguration</string>
			<key>name</key>
			<string>Release</string>
		</dict>
		<key>597A36902D194378B5127FB5</key>
		<dict>
			<key>includeInIndex</key>
			<string>1</string>
			<key>isa</key>
			<string>PBXFileReference</string>
			<key>lastKnownFileType</key>
			<string>sourcecode.c.h</string>
			<key>name</key>
			<string>RKMapperOperation_Private.h</string>
			<key>path</key>
			<string>vendor/Pods/Headers/RestKit/RestKit/ObjectMapping/RKMapperOperation_Private.h</string>
			<key>sourceTree</key>
			<string>SOURCE_ROOT</string>
		</dict>
		<key>5D9112C70E2E43AFB430E65D</key>
		<dict>
			<key>includeInIndex</key>
			<string>1</string>
			<key>isa</key>
			<string>PBXFileReference</string>
			<key>lastKnownFileType</key>
			<string>sourcecode.c.h</string>
			<key>name</key>
			<string>RKMIMETypes.h</string>
			<key>path</key>
			<string>vendor/Pods/Headers/RestKit/RestKit/Support/RKMIMETypes.h</string>
			<key>sourceTree</key>
			<string>SOURCE_ROOT</string>
		</dict>
		<key>62BCDBD7A5FA4A9591E0D522</key>
		<dict>
			<key>includeInIndex</key>
			<string>1</string>
			<key>isa</key>
			<string>PBXFileReference</string>
			<key>lastKnownFileType</key>
			<string>sourcecode.c.h</string>
			<key>name</key>
			<string>AFJSONRequestOperation.h</string>
			<key>path</key>
			<string>vendor/Pods/Headers/AFNetworking/AFJSONRequestOperation.h</string>
			<key>sourceTree</key>
			<string>SOURCE_ROOT</string>
		</dict>
		<key>63B974AEA82B4D589350181D</key>
		<dict>
			<key>includeInIndex</key>
			<string>1</string>
			<key>isa</key>
			<string>PBXFileReference</string>
			<key>lastKnownFileType</key>
			<string>sourcecode.c.h</string>
			<key>name</key>
			<string>RKPaginator.h</string>
			<key>path</key>
			<string>vendor/Pods/Headers/RestKit/RestKit/Network/RKPaginator.h</string>
			<key>sourceTree</key>
			<string>SOURCE_ROOT</string>
		</dict>
		<key>66DE9180D4C847129831BDC7</key>
		<dict>
			<key>includeInIndex</key>
			<string>1</string>
			<key>isa</key>
			<string>PBXFileReference</string>
			<key>lastKnownFileType</key>
			<string>sourcecode.c.h</string>
			<key>name</key>
			<string>RKRouteSet.h</string>
			<key>path</key>
			<string>vendor/Pods/Headers/RestKit/RestKit/Network/RKRouteSet.h</string>
			<key>sourceTree</key>
			<string>SOURCE_ROOT</string>
		</dict>
		<key>6A493AD2A832443989E88C33</key>
		<dict>
			<key>includeInIndex</key>
			<string>1</string>
			<key>isa</key>
			<string>PBXFileReference</string>
			<key>lastKnownFileType</key>
			<string>sourcecode.c.h</string>
			<key>name</key>
			<string>RKErrors.h</string>
			<key>path</key>
			<string>vendor/Pods/Headers/RestKit/RestKit/Support/RKErrors.h</string>
			<key>sourceTree</key>
			<string>SOURCE_ROOT</string>
		</dict>
		<key>7075995D4C5D44459F717A58</key>
		<dict>
			<key>includeInIndex</key>
			<string>1</string>
			<key>isa</key>
			<string>PBXFileReference</string>
			<key>lastKnownFileType</key>
			<string>sourcecode.c.h</string>
			<key>name</key>
			<string>RKInMemoryManagedObjectCache.h</string>
			<key>path</key>
			<string>vendor/Pods/Headers/RestKit/RestKit/CoreData/RKInMemoryManagedObjectCache.h</string>
			<key>sourceTree</key>
			<string>SOURCE_ROOT</string>
		</dict>
		<key>7339A34D03874E8DAB3D4805</key>
		<dict>
			<key>includeInIndex</key>
			<string>1</string>
			<key>isa</key>
			<string>PBXFileReference</string>
			<key>lastKnownFileType</key>
			<string>sourcecode.c.h</string>
			<key>name</key>
			<string>lcl_config_extensions_RK.h</string>
			<key>path</key>
			<string>vendor/Pods/Headers/RestKit/RestKit/Support/lcl_config_extensions_RK.h</string>
			<key>sourceTree</key>
			<string>SOURCE_ROOT</string>
		</dict>
		<key>74E0B8F66B4A4D59BF9A2A7A</key>
		<dict>
			<key>buildActionMask</key>
			<string>2147483647</string>
			<key>files</key>
			<array>
				<string>0B2CF64F6F794665A41DED95</string>
			</array>
			<key>isa</key>
			<string>PBXFrameworksBuildPhase</string>
			<key>runOnlyForDeploymentPostprocessing</key>
			<string>0</string>
		</dict>
		<key>75FB0059752F4AB5BA286C41</key>
		<dict>
			<key>includeInIndex</key>
			<string>1</string>
			<key>isa</key>
			<string>PBXFileReference</string>
			<key>lastKnownFileType</key>
			<string>sourcecode.c.h</string>
			<key>name</key>
			<string>CoreData.h</string>
			<key>path</key>
			<string>vendor/Pods/Headers/RestKit/RestKit/CoreData.h</string>
			<key>sourceTree</key>
			<string>SOURCE_ROOT</string>
		</dict>
		<key>79BA5A5C1C5643A2A1586FF5</key>
		<dict>
			<key>includeInIndex</key>
			<string>1</string>
			<key>isa</key>
			<string>PBXFileReference</string>
			<key>lastKnownFileType</key>
			<string>sourcecode.c.h</string>
			<key>name</key>
			<string>SOCKit.h</string>
			<key>path</key>
			<string>vendor/Pods/Headers/SOCKit/SOCKit.h</string>
			<key>sourceTree</key>
			<string>SOURCE_ROOT</string>
		</dict>
		<key>7BAD957ED7BD4F1FAF1CD659</key>
		<dict>
			<key>includeInIndex</key>
			<string>1</string>
			<key>isa</key>
			<string>PBXFileReference</string>
			<key>lastKnownFileType</key>
			<string>sourcecode.c.objc</string>
			<key>name</key>
			<string>Stubs.m</string>
			<key>path</key>
			<string>ib.xcodeproj/Stubs.m</string>
			<key>sourceTree</key>
			<string>SOURCE_ROOT</string>
		</dict>
		<key>80DB70E4F2D24AC9AAB1E28D</key>
		<dict>
			<key>includeInIndex</key>
			<string>1</string>
			<key>isa</key>
			<string>PBXFileReference</string>
			<key>lastKnownFileType</key>
			<string>sourcecode.c.h</string>
			<key>name</key>
			<string>RKDotNetDateFormatter.h</string>
			<key>path</key>
			<string>vendor/Pods/Headers/RestKit/RestKit/Support/RKDotNetDateFormatter.h</string>
			<key>sourceTree</key>
			<string>SOURCE_ROOT</string>
		</dict>
		<key>84DB2194A6D34F3E94C7C671</key>
		<dict>
			<key>includeInIndex</key>
			<string>1</string>
			<key>isa</key>
			<string>PBXFileReference</string>
			<key>lastKnownFileType</key>
			<string>sourcecode.c.h</string>
			<key>name</key>
			<string>RKMappingErrors.h</string>
			<key>path</key>
			<string>vendor/Pods/Headers/RestKit/RestKit/ObjectMapping/RKMappingErrors.h</string>
			<key>sourceTree</key>
			<string>SOURCE_ROOT</string>
		</dict>
		<key>85CE5E19BA5D4974B24CFCE2</key>
		<dict>
			<key>children</key>
			<array>
				<string>8C8A9C0C76B54713BF09EA34</string>
				<string>9490C005B39F4B3CB0B4D507</string>
				<string>D2C7E1871F0E4B8098D7B8E6</string>
				<string>CC748DAFCB5A4F15AFDF904B</string>
				<string>9F969BAF548F40B2B11C916E</string>
			</array>
			<key>isa</key>
			<string>PBXGroup</string>
			<key>sourceTree</key>
			<string>&lt;group&gt;</string>
		</dict>
		<key>873BC83842FA4D0694A02A04</key>
		<dict>
			<key>includeInIndex</key>
			<string>1</string>
			<key>isa</key>
			<string>PBXFileReference</string>
			<key>lastKnownFileType</key>
			<string>sourcecode.c.h</string>
			<key>name</key>
			<string>RKEntityByAttributeCache.h</string>
			<key>path</key>
			<string>vendor/Pods/Headers/RestKit/RestKit/CoreData/RKEntityByAttributeCache.h</string>
			<key>sourceTree</key>
			<string>SOURCE_ROOT</string>
		</dict>
		<key>886D0228111D452599100CB6</key>
		<dict>
			<key>includeInIndex</key>
			<string>1</string>
			<key>isa</key>
			<string>PBXFileReference</string>
			<key>lastKnownFileType</key>
			<string>wrapper.framework</string>
			<key>name</key>
			<string>QuartzCore.framework</string>
			<key>path</key>
			<string>Platforms/iPhoneOS.platform/Developer/SDKs/iPhoneOS6.1.sdk/System/Library/Frameworks/QuartzCore.framework</string>
			<key>sourceTree</key>
			<string>DEVELOPER_DIR</string>
		</dict>
		<key>88BC48C3A1EE46EE8D6449A3</key>
		<dict>
			<key>includeInIndex</key>
			<string>1</string>
			<key>isa</key>
			<string>PBXFileReference</string>
			<key>lastKnownFileType</key>
			<string>sourcecode.c.h</string>
			<key>name</key>
			<string>RKObjectMappingOperationDataSource.h</string>
			<key>path</key>
			<string>vendor/Pods/Headers/RestKit/RestKit/ObjectMapping/RKObjectMappingOperationDataSource.h</string>
			<key>sourceTree</key>
			<string>SOURCE_ROOT</string>
		</dict>
		<key>89C0CAD1AE3C41ED9971EA28</key>
		<dict>
			<key>includeInIndex</key>
			<string>1</string>
			<key>isa</key>
			<string>PBXFileReference</string>
			<key>lastKnownFileType</key>
			<string>sourcecode.c.h</string>
			<key>name</key>
			<string>Network.h</string>
			<key>path</key>
			<string>vendor/Pods/Headers/RestKit/RestKit/Network.h</string>
			<key>sourceTree</key>
			<string>SOURCE_ROOT</string>
		</dict>
		<key>8B2B067121BC422687769AB8</key>
		<dict>
			<key>buildSettings</key>
			<dict>
				<key>ALWAYS_SEARCH_USER_PATHS</key>
				<string>NO</string>
				<key>ARCHS</key>
				<string>$(ARCHS_STANDARD_32_BIT)</string>
				<key>COPY_PHASE_STRIP</key>
				<string>NO</string>
				<key>DSTROOT</key>
				<string>/tmp/xcodeproj.dst</string>
				<key>GCC_C_LANGUAGE_STANDARD</key>
				<string>gnu99</string>
				<key>GCC_DYNAMIC_NO_PIC</key>
				<string>NO</string>
				<key>GCC_OPTIMIZATION_LEVEL</key>
				<string>0</string>
				<key>GCC_PRECOMPILE_PREFIX_HEADER</key>
				<string>YES</string>
				<key>GCC_PREPROCESSOR_DEFINITIONS</key>
				<array>
					<string>DEBUG=1</string>
					<string>$(inherited)</string>
				</array>
				<key>GCC_SYMBOLS_PRIVATE_EXTERN</key>
				<string>NO</string>
				<key>GCC_VERSION</key>
				<string>com.apple.compilers.llvm.clang.1_0</string>
				<key>INSTALL_PATH</key>
				<string>$(BUILT_PRODUCTS_DIR)</string>
				<key>IPHONEOS_DEPLOYMENT_TARGET</key>
				<string>4.3</string>
				<key>OTHER_LDFLAGS</key>
				<string></string>
				<key>PRODUCT_NAME</key>
				<string>$(TARGET_NAME)</string>
				<key>PUBLIC_HEADERS_FOLDER_PATH</key>
				<string>$(TARGET_NAME)</string>
				<key>SDKROOT</key>
				<string>iphoneos</string>
				<key>SKIP_INSTALL</key>
				<string>YES</string>
			</dict>
			<key>isa</key>
			<string>XCBuildConfiguration</string>
			<key>name</key>
			<string>Debug</string>
		</dict>
		<key>8C8A9C0C76B54713BF09EA34</key>
		<dict>
			<key>children</key>
			<array>
				<string>0274023E9DD94E7090542A12</string>
			</array>
			<key>isa</key>
			<string>PBXGroup</string>
			<key>name</key>
			<string>Products</string>
			<key>sourceTree</key>
			<string>&lt;group&gt;</string>
		</dict>
		<key>8DB8A14AB8D64CC5A081D6EA</key>
		<dict>
			<key>includeInIndex</key>
			<string>1</string>
			<key>isa</key>
			<string>PBXFileReference</string>
			<key>lastKnownFileType</key>
			<string>sourcecode.c.h</string>
			<key>name</key>
			<string>Support.h</string>
			<key>path</key>
			<string>vendor/Pods/Headers/RestKit/RestKit/Support.h</string>
			<key>sourceTree</key>
			<string>SOURCE_ROOT</string>
		</dict>
		<key>934E0FE27FE540BC90580265</key>
		<dict>
			<key>includeInIndex</key>
			<string>1</string>
			<key>isa</key>
			<string>PBXFileReference</string>
			<key>lastKnownFileType</key>
			<string>sourcecode.c.h</string>
			<key>name</key>
			<string>AFPropertyListRequestOperation.h</string>
			<key>path</key>
			<string>vendor/Pods/Headers/AFNetworking/AFPropertyListRequestOperation.h</string>
			<key>sourceTree</key>
			<string>SOURCE_ROOT</string>
		</dict>
		<key>9490C005B39F4B3CB0B4D507</key>
		<dict>
			<key>children</key>
			<array>
				<string>988E20C7C9BE4D258C7EA6AA</string>
				<string>886D0228111D452599100CB6</string>
				<string>DB61F3244FD5422B8EA6C2C6</string>
				<string>B1B9B2BADFD04B58AEB29385</string>
			</array>
			<key>isa</key>
			<string>PBXGroup</string>
			<key>name</key>
			<string>Frameworks</string>
			<key>sourceTree</key>
			<string>&lt;group&gt;</string>
		</dict>
		<key>954C3234FE2F42DAB7367160</key>
		<dict>
			<key>includeInIndex</key>
			<string>1</string>
			<key>isa</key>
			<string>PBXFileReference</string>
			<key>lastKnownFileType</key>
			<string>sourcecode.c.h</string>
			<key>name</key>
			<string>RKMappingOperation.h</string>
			<key>path</key>
			<string>vendor/Pods/Headers/RestKit/RestKit/ObjectMapping/RKMappingOperation.h</string>
			<key>sourceTree</key>
			<string>SOURCE_ROOT</string>
		</dict>
		<key>988E20C7C9BE4D258C7EA6AA</key>
		<dict>
			<key>includeInIndex</key>
			<string>1</string>
			<key>isa</key>
			<string>PBXFileReference</string>
			<key>lastKnownFileType</key>
			<string>wrapper.framework</string>
			<key>name</key>
			<string>Foundation.framework</string>
			<key>path</key>
			<string>Platforms/iPhoneOS.platform/Developer/SDKs/iPhoneOS6.1.sdk/System/Library/Frameworks/Foundation.framework</string>
			<key>sourceTree</key>
			<string>DEVELOPER_DIR</string>
		</dict>
		<key>9B6344FA78E34455BE06E4DD</key>
		<dict>
			<key>includeInIndex</key>
			<string>1</string>
			<key>isa</key>
			<string>PBXFileReference</string>
			<key>lastKnownFileType</key>
			<string>sourcecode.c.h</string>
			<key>name</key>
			<string>RKDictionaryUtilities.h</string>
			<key>path</key>
			<string>vendor/Pods/Headers/RestKit/RestKit/Support/RKDictionaryUtilities.h</string>
			<key>sourceTree</key>
			<string>SOURCE_ROOT</string>
		</dict>
		<key>9EE6831C4E3042D291357835</key>
		<dict>
			<key>includeInIndex</key>
			<string>1</string>
			<key>isa</key>
			<string>PBXFileReference</string>
			<key>lastKnownFileType</key>
			<string>sourcecode.c.h</string>
			<key>name</key>
			<string>RKManagedObjectRequestOperation.h</string>
			<key>path</key>
			<string>vendor/Pods/Headers/RestKit/RestKit/Network/RKManagedObjectRequestOperation.h</string>
			<key>sourceTree</key>
			<string>SOURCE_ROOT</string>
		</dict>
		<key>9F969BAF548F40B2B11C916E</key>
		<dict>
			<key>children</key>
			<array>
				<string>C1F90C2618C24651AC934DDA</string>
				<string>41F65495E9FA4F2F80BEB362</string>
				<string>2066839029A04A1F8B124694</string>
				<string>62BCDBD7A5FA4A9591E0D522</string>
				<string>C17E6BAEA9DA43B4A5C7812F</string>
				<string>BB979784A2D943D8801C98C5</string>
				<string>934E0FE27FE540BC90580265</string>
				<string>503ACCF9A9E14BF9BF4E0C09</string>
				<string>0494FE732564413484843A0D</string>
				<string>268302EBE91F4B7CB09A7362</string>
				<string>15802FD8E827431FB8B7B58F</string>
				<string>41DC050B180A4F41889DE44B</string>
				<string>CB45521B8B5044B28E6A6BF2</string>
				<string>873BC83842FA4D0694A02A04</string>
				<string>CD05FD3F5B724BABA97DA572</string>
				<string>000618F606054A82A84D452B</string>
				<string>A6F43B2A01ED49A4B6A97198</string>
				<string>7075995D4C5D44459F717A58</string>
				<string>AFFC6A1221AF4A02A04FCEE2</string>
				<string>E82C00D3585F43858AE0D71F</string>
				<string>118734AD0C4248E29C6FAD9B</string>
				<string>4836A3842EDC48538B1F6ADB</string>
				<string>48311E11FB4D4957AB06F0A6</string>
				<string>284CB25F7E954FAF8433B866</string>
				<string>75FB0059752F4AB5BA286C41</string>
				<string>BA0C2B66BC0B4B1E8E5DF64A</string>
				<string>046F79A7D6894BEAB54CC1BB</string>
				<string>C3BBD792C5A44716A0CE89BC</string>
				<string>9EE6831C4E3042D291357835</string>
				<string>3C532002A3AB476295039523</string>
				<string>E37C6AB508D340F68FE0736F</string>
				<string>09F3941B960C4DDE91682FCC</string>
				<string>63B974AEA82B4D589350181D</string>
				<string>C9C827D576AA4D149A0C965B</string>
				<string>3CAD7B811B214259B914A4CA</string>
				<string>DA654465CF93475B9365D840</string>
				<string>F97F70DF79734A37B6A0EEEF</string>
				<string>ABE663AB78FF45FB9580892E</string>
				<string>0BF663528A334A9B87A29A9C</string>
				<string>66DE9180D4C847129831BDC7</string>
				<string>89C0CAD1AE3C41ED9971EA28</string>
				<string>46C29BECE94A435B839330F8</string>
				<string>1D11E381BBC447F3B6312FF3</string>
				<string>E72F410EF4164673BDDFCD18</string>
				<string>0ABDEFD272824FCAB2F81F4B</string>
				<string>08AF8C931EA64403A23E0D66</string>
				<string>597A36902D194378B5127FB5</string>
				<string>A6C3C187397B446D8062413C</string>
				<string>84DB2194A6D34F3E94C7C671</string>
				<string>954C3234FE2F42DAB7367160</string>
				<string>CA35ECBC5A554FA18290C173</string>
				<string>E1C00634C556474E8F32C505</string>
				<string>D2A52E3EAD0945D7B8DC8C83</string>
				<string>0FB2888C8A1A477BB89BB2FA</string>
				<string>88BC48C3A1EE46EE8D6449A3</string>
				<string>144FADD24E2B40E8B5560B24</string>
				<string>F2555C3E82F74E799A30E9E1</string>
				<string>16F020E0DB194885B2652DA4</string>
				<string>094C3B1C583148C89D7DDCE5</string>
				<string>CBC13366692240D7A19C0066</string>
				<string>1E4148CACFA34AF3B56B4228</string>
				<string>E05FA3A25E9744B09C53BFFB</string>
				<string>DD4C3A0D687D427E81571FB9</string>
				<string>3A77FEE86B0C4E46B88676FD</string>
				<string>7339A34D03874E8DAB3D4805</string>
				<string>1B7FC04462CE40C6ABFE62C6</string>
				<string>9B6344FA78E34455BE06E4DD</string>
				<string>80DB70E4F2D24AC9AAB1E28D</string>
				<string>6A493AD2A832443989E88C33</string>
				<string>A861CDC196684C78BD36CA02</string>
				<string>B234267837834573A0D2E4D8</string>
				<string>CAE8E7ED6464419AAE83C981</string>
				<string>5D9112C70E2E43AFB430E65D</string>
				<string>FF067CF8C9444B55A9A459A5</string>
				<string>C0EF2B2F546E41FB80AAB453</string>
				<string>098C93DB3C6A49E7B67C1627</string>
				<string>B0809D646BF94B238F783B4D</string>
				<string>DA33BD46B7E345D5B89DA9AC</string>
				<string>1E3AD1D52EC44D5DAE196C67</string>
				<string>8DB8A14AB8D64CC5A081D6EA</string>
				<string>C04C83D02E434FD7BE50F0EC</string>
				<string>79BA5A5C1C5643A2A1586FF5</string>
			</array>
			<key>isa</key>
			<string>PBXGroup</string>
			<key>name</key>
			<string>Pods</string>
			<key>path</key>
			<string>vendor/Pods/Headers</string>
			<key>sourceTree</key>
			<string>&lt;group&gt;</string>
		</dict>
		<key>A6C3C187397B446D8062413C</key>
		<dict>
			<key>includeInIndex</key>
			<string>1</string>
			<key>isa</key>
			<string>PBXFileReference</string>
			<key>lastKnownFileType</key>
			<string>sourcecode.c.h</string>
			<key>name</key>
			<string>RKMapping.h</string>
			<key>path</key>
			<string>vendor/Pods/Headers/RestKit/RestKit/ObjectMapping/RKMapping.h</string>
			<key>sourceTree</key>
			<string>SOURCE_ROOT</string>
		</dict>
		<key>A6F43B2A01ED49A4B6A97198</key>
		<dict>
			<key>includeInIndex</key>
			<string>1</string>
			<key>isa</key>
			<string>PBXFileReference</string>
			<key>lastKnownFileType</key>
			<string>sourcecode.c.h</string>
			<key>name</key>
			<string>RKFetchRequestManagedObjectCache.h</string>
			<key>path</key>
			<string>vendor/Pods/Headers/RestKit/RestKit/CoreData/RKFetchRequestManagedObjectCache.h</string>
			<key>sourceTree</key>
			<string>SOURCE_ROOT</string>
		</dict>
		<key>A861CDC196684C78BD36CA02</key>
		<dict>
			<key>includeInIndex</key>
			<string>1</string>
			<key>isa</key>
			<string>PBXFileReference</string>
			<key>lastKnownFileType</key>
			<string>sourcecode.c.h</string>
			<key>name</key>
			<string>RKISO8601DateFormatter.h</string>
			<key>path</key>
			<string>vendor/Pods/Headers/RestKit/RestKit/Support/RKISO8601DateFormatter.h</string>
			<key>sourceTree</key>
			<string>SOURCE_ROOT</string>
		</dict>
		<key>ABE663AB78FF45FB9580892E</key>
		<dict>
			<key>includeInIndex</key>
			<string>1</string>
			<key>isa</key>
			<string>PBXFileReference</string>
			<key>lastKnownFileType</key>
			<string>sourcecode.c.h</string>
			<key>name</key>
			<string>RKRoute.h</string>
			<key>path</key>
			<string>vendor/Pods/Headers/RestKit/RestKit/Network/RKRoute.h</string>
			<key>sourceTree</key>
			<string>SOURCE_ROOT</string>
		</dict>
		<key>AFFC6A1221AF4A02A04FCEE2</key>
		<dict>
			<key>includeInIndex</key>
			<string>1</string>
			<key>isa</key>
			<string>PBXFileReference</string>
			<key>lastKnownFileType</key>
			<string>sourcecode.c.h</string>
			<key>name</key>
			<string>RKManagedObjectCaching.h</string>
			<key>path</key>
			<string>vendor/Pods/Headers/RestKit/RestKit/CoreData/RKManagedObjectCaching.h</string>
			<key>sourceTree</key>
			<string>SOURCE_ROOT</string>
		</dict>
		<key>B002B42B6A924277A95B9C48</key>
		<dict>
			<key>includeInIndex</key>
			<string>1</string>
			<key>isa</key>
			<string>PBXFileReference</string>
			<key>lastKnownFileType</key>
			<string>sourcecode.c.h</string>
			<key>name</key>
			<string>Stubs.h</string>
			<key>path</key>
			<string>ib.xcodeproj/Stubs.h</string>
			<key>sourceTree</key>
			<string>SOURCE_ROOT</string>
		</dict>
		<key>B0809D646BF94B238F783B4D</key>
		<dict>
			<key>includeInIndex</key>
			<string>1</string>
			<key>isa</key>
			<string>PBXFileReference</string>
			<key>lastKnownFileType</key>
			<string>sourcecode.c.h</string>
			<key>name</key>
			<string>RKPathUtilities.h</string>
			<key>path</key>
			<string>vendor/Pods/Headers/RestKit/RestKit/Support/RKPathUtilities.h</string>
			<key>sourceTree</key>
			<string>SOURCE_ROOT</string>
		</dict>
		<key>B1B9B2BADFD04B58AEB29385</key>
		<dict>
			<key>includeInIndex</key>
			<string>1</string>
			<key>isa</key>
			<string>PBXFileReference</string>
			<key>lastKnownFileType</key>
			<string>wrapper.framework</string>
			<key>name</key>
			<string>CoreData.framework</string>
			<key>path</key>
			<string>Platforms/iPhoneOS.platform/Developer/SDKs/iPhoneOS6.1.sdk/System/Library/Frameworks/CoreData.framework</string>
			<key>sourceTree</key>
			<string>DEVELOPER_DIR</string>
		</dict>
		<key>B234267837834573A0D2E4D8</key>
		<dict>
			<key>includeInIndex</key>
			<string>1</string>
			<key>isa</key>
			<string>PBXFileReference</string>
			<key>lastKnownFileType</key>
			<string>sourcecode.c.h</string>
			<key>name</key>
			<string>RKLog.h</string>
			<key>path</key>
			<string>vendor/Pods/Headers/RestKit/RestKit/Support/RKLog.h</string>
			<key>sourceTree</key>
			<string>SOURCE_ROOT</string>
		</dict>
		<key>BA0C2B66BC0B4B1E8E5DF64A</key>
		<dict>
			<key>includeInIndex</key>
			<string>1</string>
			<key>isa</key>
			<string>PBXFileReference</string>
			<key>lastKnownFileType</key>
			<string>sourcecode.c.h</string>
			<key>name</key>
			<string>lcl_RK.h</string>
			<key>path</key>
			<string>vendor/Pods/Headers/RestKit/RestKit/lcl_RK.h</string>
			<key>sourceTree</key>
			<string>SOURCE_ROOT</string>
		</dict>
		<key>BB979784A2D943D8801C98C5</key>
		<dict>
			<key>includeInIndex</key>
			<string>1</string>
			<key>isa</key>
			<string>PBXFileReference</string>
			<key>lastKnownFileType</key>
			<string>sourcecode.c.h</string>
			<key>name</key>
			<string>AFNetworking.h</string>
			<key>path</key>
			<string>vendor/Pods/Headers/AFNetworking/AFNetworking.h</string>
			<key>sourceTree</key>
			<string>SOURCE_ROOT</string>
		</dict>
		<key>C04C83D02E434FD7BE50F0EC</key>
		<dict>
			<key>includeInIndex</key>
			<string>1</string>
			<key>isa</key>
			<string>PBXFileReference</string>
			<key>lastKnownFileType</key>
			<string>sourcecode.c.h</string>
			<key>name</key>
			<string>Testing.h</string>
			<key>path</key>
			<string>vendor/Pods/Headers/RestKit/RestKit/Testing.h</string>
			<key>sourceTree</key>
			<string>SOURCE_ROOT</string>
		</dict>
		<key>C0922F3EDC77446EB0A14AD3</key>
		<dict>
			<key>buildSettings</key>
			<dict/>
			<key>isa</key>
			<string>XCBuildConfiguration</string>
			<key>name</key>
			<string>Release</string>
		</dict>
		<key>C0EF2B2F546E41FB80AAB453</key>
		<dict>
			<key>includeInIndex</key>
			<string>1</string>
			<key>isa</key>
			<string>PBXFileReference</string>
			<key>lastKnownFileType</key>
			<string>sourcecode.c.h</string>
			<key>name</key>
			<string>RKNSJSONSerialization.h</string>
			<key>path</key>
			<string>vendor/Pods/Headers/RestKit/RestKit/Support/RKNSJSONSerialization.h</string>
			<key>sourceTree</key>
			<string>SOURCE_ROOT</string>
		</dict>
		<key>C17E6BAEA9DA43B4A5C7812F</key>
		<dict>
			<key>includeInIndex</key>
			<string>1</string>
			<key>isa</key>
			<string>PBXFileReference</string>
			<key>lastKnownFileType</key>
			<string>sourcecode.c.h</string>
			<key>name</key>
			<string>AFNetworkActivityIndicatorManager.h</string>
			<key>path</key>
			<string>vendor/Pods/Headers/AFNetworking/AFNetworkActivityIndicatorManager.h</string>
			<key>sourceTree</key>
			<string>SOURCE_ROOT</string>
		</dict>
		<key>C1F90C2618C24651AC934DDA</key>
		<dict>
			<key>includeInIndex</key>
			<string>1</string>
			<key>isa</key>
			<string>PBXFileReference</string>
			<key>lastKnownFileType</key>
			<string>sourcecode.c.h</string>
			<key>name</key>
			<string>AFHTTPClient.h</string>
			<key>path</key>
			<string>vendor/Pods/Headers/AFNetworking/AFHTTPClient.h</string>
			<key>sourceTree</key>
			<string>SOURCE_ROOT</string>
		</dict>
		<key>C3BBD792C5A44716A0CE89BC</key>
		<dict>
			<key>includeInIndex</key>
			<string>1</string>
			<key>isa</key>
			<string>PBXFileReference</string>
			<key>lastKnownFileType</key>
			<string>sourcecode.c.h</string>
			<key>name</key>
			<string>RKHTTPRequestOperation.h</string>
			<key>path</key>
			<string>vendor/Pods/Headers/RestKit/RestKit/Network/RKHTTPRequestOperation.h</string>
			<key>sourceTree</key>
			<string>SOURCE_ROOT</string>
		</dict>
		<key>C9C827D576AA4D149A0C965B</key>
		<dict>
			<key>includeInIndex</key>
			<string>1</string>
			<key>isa</key>
			<string>PBXFileReference</string>
			<key>lastKnownFileType</key>
			<string>sourcecode.c.h</string>
			<key>name</key>
			<string>RKRequestDescriptor.h</string>
			<key>path</key>
			<string>vendor/Pods/Headers/RestKit/RestKit/Network/RKRequestDescriptor.h</string>
			<key>sourceTree</key>
			<string>SOURCE_ROOT</string>
		</dict>
		<key>CA35ECBC5A554FA18290C173</key>
		<dict>
			<key>includeInIndex</key>
			<string>1</string>
			<key>isa</key>
			<string>PBXFileReference</string>
			<key>lastKnownFileType</key>
			<string>sourcecode.c.h</string>
			<key>name</key>
			<string>RKMappingOperationDataSource.h</string>
			<key>path</key>
			<string>vendor/Pods/Headers/RestKit/RestKit/ObjectMapping/RKMappingOperationDataSource.h</string>
			<key>sourceTree</key>
			<string>SOURCE_ROOT</string>
		</dict>
		<key>CAE8E7ED6464419AAE83C981</key>
		<dict>
			<key>includeInIndex</key>
			<string>1</string>
			<key>isa</key>
			<string>PBXFileReference</string>
			<key>lastKnownFileType</key>
			<string>sourcecode.c.h</string>
			<key>name</key>
			<string>RKMacros.h</string>
			<key>path</key>
			<string>vendor/Pods/Headers/RestKit/RestKit/Support/RKMacros.h</string>
			<key>sourceTree</key>
			<string>SOURCE_ROOT</string>
		</dict>
		<key>CB45521B8B5044B28E6A6BF2</key>
		<dict>
			<key>includeInIndex</key>
			<string>1</string>
			<key>isa</key>
			<string>PBXFileReference</string>
			<key>lastKnownFileType</key>
			<string>sourcecode.c.h</string>
			<key>name</key>
			<string>RKConnectionDescription.h</string>
			<key>path</key>
			<string>vendor/Pods/Headers/RestKit/RestKit/CoreData/RKConnectionDescription.h</string>
			<key>sourceTree</key>
			<string>SOURCE_ROOT</string>
		</dict>
		<key>CBC13366692240D7A19C0066</key>
		<dict>
			<key>includeInIndex</key>
			<string>1</string>
			<key>isa</key>
			<string>PBXFileReference</string>
			<key>lastKnownFileType</key>
			<string>sourcecode.c.h</string>
			<key>name</key>
			<string>RKValueTransformers.h</string>
			<key>path</key>
			<string>vendor/Pods/Headers/RestKit/RestKit/ObjectMapping/RKValueTransformers.h</string>
			<key>sourceTree</key>
			<string>SOURCE_ROOT</string>
		</dict>
		<key>CC748DAFCB5A4F15AFDF904B</key>
		<dict>
			<key>children</key>
			<array>
				<string>B002B42B6A924277A95B9C48</string>
				<string>7BAD957ED7BD4F1FAF1CD659</string>
			</array>
			<key>isa</key>
			<string>PBXGroup</string>
			<key>name</key>
			<string>Supporting Files</string>
			<key>path</key>
			<string>ib.xcodeproj</string>
			<key>sourceTree</key>
			<string>&lt;group&gt;</string>
		</dict>
		<key>CD05FD3F5B724BABA97DA572</key>
		<dict>
			<key>includeInIndex</key>
			<string>1</string>
			<key>isa</key>
			<string>PBXFileReference</string>
			<key>lastKnownFileType</key>
			<string>sourcecode.c.h</string>
			<key>name</key>
			<string>RKEntityCache.h</string>
			<key>path</key>
			<string>vendor/Pods/Headers/RestKit/RestKit/CoreData/RKEntityCache.h</string>
			<key>sourceTree</key>
			<string>SOURCE_ROOT</string>
		</dict>
		<key>D1E222D2353F456489B9CE8E</key>
		<dict>
			<key>buildSettings</key>
			<dict/>
			<key>isa</key>
			<string>XCBuildConfiguration</string>
			<key>name</key>
			<string>Debug</string>
		</dict>
		<key>D2A52E3EAD0945D7B8DC8C83</key>
		<dict>
			<key>includeInIndex</key>
			<string>1</string>
			<key>isa</key>
			<string>PBXFileReference</string>
			<key>lastKnownFileType</key>
			<string>sourcecode.c.h</string>
			<key>name</key>
			<string>RKObjectMapping.h</string>
			<key>path</key>
			<string>vendor/Pods/Headers/RestKit/RestKit/ObjectMapping/RKObjectMapping.h</string>
			<key>sourceTree</key>
			<string>SOURCE_ROOT</string>
		</dict>
		<key>D2C7E1871F0E4B8098D7B8E6</key>
		<dict>
			<key>children</key>
			<array>
				<string>DBE68968393340B0A8F1CEC3</string>
			</array>
			<key>isa</key>
			<string>PBXGroup</string>
			<key>name</key>
			<string>Resources</string>
			<key>path</key>
			<string>resources</string>
			<key>sourceTree</key>
			<string>&lt;group&gt;</string>
		</dict>
		<key>DA33BD46B7E345D5B89DA9AC</key>
		<dict>
			<key>includeInIndex</key>
			<string>1</string>
			<key>isa</key>
			<string>PBXFileReference</string>
			<key>lastKnownFileType</key>
			<string>sourcecode.c.h</string>
			<key>name</key>
			<string>RKSerialization.h</string>
			<key>path</key>
			<string>vendor/Pods/Headers/RestKit/RestKit/Support/RKSerialization.h</string>
			<key>sourceTree</key>
			<string>SOURCE_ROOT</string>
		</dict>
		<key>DA654465CF93475B9365D840</key>
		<dict>
			<key>includeInIndex</key>
			<string>1</string>
			<key>isa</key>
			<string>PBXFileReference</string>
			<key>lastKnownFileType</key>
			<string>sourcecode.c.h</string>
			<key>name</key>
			<string>RKResponseDescriptor.h</string>
			<key>path</key>
			<string>vendor/Pods/Headers/RestKit/RestKit/Network/RKResponseDescriptor.h</string>
			<key>sourceTree</key>
			<string>SOURCE_ROOT</string>
		</dict>
		<key>DB61F3244FD5422B8EA6C2C6</key>
		<dict>
			<key>includeInIndex</key>
			<string>1</string>
			<key>isa</key>
			<string>PBXFileReference</string>
			<key>lastKnownFileType</key>
			<string>wrapper.framework</string>
			<key>name</key>
			<string>CoreGraphics.framework</string>
			<key>path</key>
			<string>Platforms/iPhoneOS.platform/Developer/SDKs/iPhoneOS6.1.sdk/System/Library/Frameworks/CoreGraphics.framework</string>
			<key>sourceTree</key>
			<string>DEVELOPER_DIR</string>
		</dict>
		<key>DBE68968393340B0A8F1CEC3</key>
		<dict>
			<key>includeInIndex</key>
			<string>1</string>
			<key>isa</key>
			<string>PBXFileReference</string>
			<key>name</key>
			<string>MainStoryboard.storyboard</string>
			<key>path</key>
			<string>resources/MainStoryboard.storyboard</string>
			<key>sourceTree</key>
			<string>SOURCE_ROOT</string>
		</dict>
		<key>DD4C3A0D687D427E81571FB9</key>
		<dict>
			<key>includeInIndex</key>
			<string>1</string>
			<key>isa</key>
			<string>PBXFileReference</string>
			<key>lastKnownFileType</key>
			<string>sourcecode.c.h</string>
			<key>name</key>
			<string>Search.h</string>
			<key>path</key>
			<string>vendor/Pods/Headers/RestKit/RestKit/Search.h</string>
			<key>sourceTree</key>
			<string>SOURCE_ROOT</string>
		</dict>
		<key>E05FA3A25E9744B09C53BFFB</key>
		<dict>
			<key>includeInIndex</key>
			<string>1</string>
			<key>isa</key>
			<string>PBXFileReference</string>
			<key>lastKnownFileType</key>
			<string>sourcecode.c.h</string>
			<key>name</key>
			<string>RestKit.h</string>
			<key>path</key>
			<string>vendor/Pods/Headers/RestKit/RestKit/RestKit.h</string>
			<key>sourceTree</key>
			<string>SOURCE_ROOT</string>
		</dict>
		<key>E101291DD6224201BCE85065</key>
		<dict>
			<key>attributes</key>
			<dict>
				<key>LastUpgradeCheck</key>
				<string>0450</string>
			</dict>
			<key>buildConfigurationList</key>
			<string>EB80646E75B34EAAB7876140</string>
			<key>compatibilityVersion</key>
			<string>Xcode 3.2</string>
			<key>developmentRegion</key>
			<string>English</string>
			<key>hasScannedForEncodings</key>
			<string>0</string>
			<key>isa</key>
			<string>PBXProject</string>
			<key>knownRegions</key>
			<array>
				<string>en</string>
			</array>
			<key>mainGroup</key>
			<string>85CE5E19BA5D4974B24CFCE2</string>
			<key>productRefGroup</key>
			<string>8C8A9C0C76B54713BF09EA34</string>
			<key>projectReferences</key>
			<array/>
			<key>targets</key>
			<array>
				<string>E86754B093F44902B00984B5</string>
			</array>
		</dict>
		<key>E1C00634C556474E8F32C505</key>
		<dict>
			<key>includeInIndex</key>
			<string>1</string>
			<key>isa</key>
			<string>PBXFileReference</string>
			<key>lastKnownFileType</key>
			<string>sourcecode.c.h</string>
			<key>name</key>
			<string>RKMappingResult.h</string>
			<key>path</key>
			<string>vendor/Pods/Headers/RestKit/RestKit/ObjectMapping/RKMappingResult.h</string>
			<key>sourceTree</key>
			<string>SOURCE_ROOT</string>
		</dict>
		<key>E37C6AB508D340F68FE0736F</key>
		<dict>
			<key>includeInIndex</key>
			<string>1</string>
			<key>isa</key>
			<string>PBXFileReference</string>
			<key>lastKnownFileType</key>
			<string>sourcecode.c.h</string>
			<key>name</key>
			<string>RKObjectParameterization.h</string>
			<key>path</key>
			<string>vendor/Pods/Headers/RestKit/RestKit/Network/RKObjectParameterization.h</string>
			<key>sourceTree</key>
			<string>SOURCE_ROOT</string>
		</dict>
		<key>E72F410EF4164673BDDFCD18</key>
		<dict>
			<key>includeInIndex</key>
			<string>1</string>
			<key>isa</key>
			<string>PBXFileReference</string>
			<key>lastKnownFileType</key>
			<string>sourcecode.c.h</string>
			<key>name</key>
			<string>RKErrorMessage.h</string>
			<key>path</key>
			<string>vendor/Pods/Headers/RestKit/RestKit/ObjectMapping/RKErrorMessage.h</string>
			<key>sourceTree</key>
			<string>SOURCE_ROOT</string>
		</dict>
		<key>E82C00D3585F43858AE0D71F</key>
		<dict>
			<key>includeInIndex</key>
			<string>1</string>
			<key>isa</key>
			<string>PBXFileReference</string>
			<key>lastKnownFileType</key>
			<string>sourcecode.c.h</string>
			<key>name</key>
			<string>RKManagedObjectImporter.h</string>
			<key>path</key>
			<string>vendor/Pods/Headers/RestKit/RestKit/CoreData/RKManagedObjectImporter.h</string>
			<key>sourceTree</key>
			<string>SOURCE_ROOT</string>
		</dict>
		<key>E86754B093F44902B00984B5</key>
		<dict>
			<key>buildConfigurationList</key>
			<string>32A5EC275F52416598BEDEEF</string>
			<key>buildPhases</key>
			<array>
				<string>349F6AB7F9E945628CFBC619</string>
				<string>74E0B8F66B4A4D59BF9A2A7A</string>
			</array>
			<key>buildRules</key>
			<array/>
			<key>dependencies</key>
			<array/>
			<key>isa</key>
			<string>PBXNativeTarget</string>
			<key>name</key>
			<string>ib</string>
			<key>productName</key>
			<string>ib</string>
			<key>productReference</key>
			<string>0274023E9DD94E7090542A12</string>
			<key>productType</key>
			<string>com.apple.product-type.library.static</string>
		</dict>
		<key>EB80646E75B34EAAB7876140</key>
		<dict>
			<key>buildConfigurations</key>
			<array>
				<string>C0922F3EDC77446EB0A14AD3</string>
				<string>D1E222D2353F456489B9CE8E</string>
			</array>
			<key>defaultConfigurationIsVisible</key>
			<string>0</string>
			<key>defaultConfigurationName</key>
			<string>Release</string>
			<key>isa</key>
			<string>XCConfigurationList</string>
		</dict>
		<key>F2555C3E82F74E799A30E9E1</key>
		<dict>
			<key>includeInIndex</key>
			<string>1</string>
			<key>isa</key>
			<string>PBXFileReference</string>
			<key>lastKnownFileType</key>
			<string>sourcecode.c.h</string>
			<key>name</key>
			<string>RKPropertyInspector.h</string>
			<key>path</key>
			<string>vendor/Pods/Headers/RestKit/RestKit/ObjectMapping/RKPropertyInspector.h</string>
			<key>sourceTree</key>
			<string>SOURCE_ROOT</string>
		</dict>
		<key>F97F70DF79734A37B6A0EEEF</key>
		<dict>
			<key>includeInIndex</key>
			<string>1</string>
			<key>isa</key>
			<string>PBXFileReference</string>
			<key>lastKnownFileType</key>
			<string>sourcecode.c.h</string>
			<key>name</key>
			<string>RKResponseMapperOperation.h</string>
			<key>path</key>
			<string>vendor/Pods/Headers/RestKit/RestKit/Network/RKResponseMapperOperation.h</string>
			<key>sourceTree</key>
			<string>SOURCE_ROOT</string>
		</dict>
		<key>FBF11CA9C6B5482394AC8C2F</key>
		<dict>
			<key>fileRef</key>
			<string>7BAD957ED7BD4F1FAF1CD659</string>
			<key>isa</key>
			<string>PBXBuildFile</string>
			<key>settings</key>
			<dict/>
		</dict>
		<key>FF067CF8C9444B55A9A459A5</key>
		<dict>
			<key>includeInIndex</key>
			<string>1</string>
			<key>isa</key>
			<string>PBXFileReference</string>
			<key>lastKnownFileType</key>
			<string>sourcecode.c.h</string>
			<key>name</key>
			<string>RKMIMETypeSerialization.h</string>
			<key>path</key>
			<string>vendor/Pods/Headers/RestKit/RestKit/Support/RKMIMETypeSerialization.h</string>
			<key>sourceTree</key>
			<string>SOURCE_ROOT</string>
		</dict>
	</dict>
	<key>rootObject</key>
	<string>E101291DD6224201BCE85065</string>
</dict>
</plist>
